# This file is automatically @generated by Cargo.
# It is not intended for manual editing.
version = 3

[[package]]
name = "adler32"
version = "1.0.4"
source = "registry+https://github.com/rust-lang/crates.io-index"
checksum = "5d2e7343e7fc9de883d1b0341e0b13970f764c14101234857d2ddafa1cb1cac2"

[[package]]
name = "aho-corasick"
version = "0.7.6"
source = "registry+https://github.com/rust-lang/crates.io-index"
checksum = "58fb5e95d83b38284460a5fda7d6470aa0b8844d283a0b614b8535e880800d2d"
dependencies = [
 "memchr",
]

[[package]]
name = "anyhow"
version = "1.0.31"
source = "registry+https://github.com/rust-lang/crates.io-index"
checksum = "85bb70cc08ec97ca5450e6eba421deeea5f172c0fc61f78b5357b2a8e8be195f"

[[package]]
name = "arrayref"
version = "0.3.5"
source = "registry+https://github.com/rust-lang/crates.io-index"
checksum = "0d382e583f07208808f6b1249e60848879ba3543f57c32277bf52d69c2f0f0ee"

[[package]]
name = "arrayvec"
version = "0.4.11"
source = "registry+https://github.com/rust-lang/crates.io-index"
checksum = "b8d73f9beda665eaa98ab9e4f7442bd4e7de6652587de55b2525e52e29c1b0ba"
dependencies = [
 "nodrop",
]

[[package]]
name = "atk"
version = "0.9.0"
source = "registry+https://github.com/rust-lang/crates.io-index"
checksum = "812b4911e210bd51b24596244523c856ca749e6223c50a7fbbba3f89ee37c426"
dependencies = [
 "atk-sys",
 "bitflags",
 "glib",
 "glib-sys",
 "gobject-sys",
 "libc",
]

[[package]]
name = "atk-sys"
version = "0.10.0"
source = "registry+https://github.com/rust-lang/crates.io-index"
checksum = "f530e4af131d94cc4fa15c5c9d0348f0ef28bac64ba660b6b2a1cf2605dedfce"
dependencies = [
 "glib-sys",
 "gobject-sys",
 "libc",
 "system-deps",
]

[[package]]
name = "atty"
version = "0.2.13"
source = "registry+https://github.com/rust-lang/crates.io-index"
checksum = "1803c647a3ec87095e7ae7acfca019e98de5ec9a7d01343f611cf3152ed71a90"
dependencies = [
 "libc",
 "winapi",
]

[[package]]
name = "autocfg"
version = "0.1.6"
source = "registry+https://github.com/rust-lang/crates.io-index"
checksum = "b671c8fb71b457dd4ae18c4ba1e59aa81793daacc361d82fcd410cef0d491875"

[[package]]
name = "backtrace"
version = "0.3.37"
source = "registry+https://github.com/rust-lang/crates.io-index"
checksum = "5180c5a20655b14a819b652fd2378fa5f1697b6c9ddad3e695c2f9cedf6df4e2"
dependencies = [
 "backtrace-sys",
 "cfg-if",
 "libc",
 "rustc-demangle",
]

[[package]]
name = "backtrace-sys"
version = "0.1.31"
source = "registry+https://github.com/rust-lang/crates.io-index"
checksum = "82a830b4ef2d1124a711c71d263c5abdc710ef8e907bd508c88be475cebc422b"
dependencies = [
 "cc",
 "libc",
]

[[package]]
name = "base64"
version = "0.10.1"
source = "registry+https://github.com/rust-lang/crates.io-index"
checksum = "0b25d992356d2eb0ed82172f5248873db5560c4721f564b13cb5193bda5e668e"
dependencies = [
 "byteorder",
]

[[package]]
name = "bitflags"
version = "1.1.0"
source = "registry+https://github.com/rust-lang/crates.io-index"
checksum = "3d155346769a6855b86399e9bc3814ab343cd3d62c7e985113d46a0ec3c281fd"

[[package]]
name = "blake2b_simd"
version = "0.5.8"
source = "registry+https://github.com/rust-lang/crates.io-index"
checksum = "5850aeee1552f495dd0250014cf64b82b7c8879a89d83b33bbdace2cc4f63182"
dependencies = [
 "arrayref",
 "arrayvec",
 "constant_time_eq",
]

[[package]]
name = "byteorder"
version = "1.3.2"
source = "registry+https://github.com/rust-lang/crates.io-index"
checksum = "a7c3dd8985a7111efc5c80b44e23ecdd8c007de8ade3b96595387e812b957cf5"

[[package]]
name = "bzip2"
version = "0.3.3"
source = "registry+https://github.com/rust-lang/crates.io-index"
checksum = "42b7c3cbf0fa9c1b82308d57191728ca0256cb821220f4e2fd410a72ade26e3b"
dependencies = [
 "bzip2-sys",
 "libc",
]

[[package]]
name = "bzip2-sys"
version = "0.1.7"
source = "registry+https://github.com/rust-lang/crates.io-index"
checksum = "6584aa36f5ad4c9247f5323b0a42f37802b37a836f0ad87084d7a33961abe25f"
dependencies = [
 "cc",
 "libc",
]

[[package]]
name = "c2-chacha"
version = "0.2.2"
source = "registry+https://github.com/rust-lang/crates.io-index"
checksum = "7d64d04786e0f528460fc884753cf8dddcc466be308f6026f8e355c41a0e4101"
dependencies = [
 "lazy_static",
 "ppv-lite86",
]

[[package]]
name = "cairo-rs"
version = "0.9.1"
source = "registry+https://github.com/rust-lang/crates.io-index"
checksum = "c5c0f2e047e8ca53d0ff249c54ae047931d7a6ebe05d00af73e0ffeb6e34bdb8"
dependencies = [
 "bitflags",
 "cairo-sys-rs",
 "glib",
 "glib-sys",
 "gobject-sys",
 "libc",
 "thiserror",
]

[[package]]
name = "cairo-sys-rs"
version = "0.10.0"
source = "registry+https://github.com/rust-lang/crates.io-index"
checksum = "2ed2639b9ad5f1d6efa76de95558e11339e7318426d84ac4890b86c03e828ca7"
dependencies = [
 "glib-sys",
 "libc",
 "system-deps",
]

[[package]]
name = "cc"
version = "1.0.45"
source = "registry+https://github.com/rust-lang/crates.io-index"
checksum = "4fc9a35e1f4290eb9e5fc54ba6cf40671ed2a2514c3eeb2b2a908dda2ea5a1be"

[[package]]
name = "cfg-if"
version = "0.1.9"
source = "registry+https://github.com/rust-lang/crates.io-index"
checksum = "b486ce3ccf7ffd79fdeb678eac06a9e6c09fc88d33836340becb8fffe87c5e33"

[[package]]
name = "chrono"
version = "0.4.9"
source = "registry+https://github.com/rust-lang/crates.io-index"
checksum = "e8493056968583b0193c1bb04d6f7684586f3726992d6c573261941a895dbd68"
dependencies = [
 "libc",
 "num-integer",
 "num-traits",
 "time",
]

[[package]]
name = "cloudabi"
version = "0.0.3"
source = "registry+https://github.com/rust-lang/crates.io-index"
checksum = "ddfc5b9aa5d4507acaf872de71051dfd0e309860e88966e1051e462a077aac4f"
dependencies = [
 "bitflags",
]

[[package]]
name = "constant_time_eq"
version = "0.1.4"
source = "registry+https://github.com/rust-lang/crates.io-index"
checksum = "995a44c877f9212528ccc74b21a232f66ad69001e40ede5bcee2ac9ef2657120"

[[package]]
name = "crc32fast"
version = "1.2.0"
source = "registry+https://github.com/rust-lang/crates.io-index"
checksum = "ba125de2af0df55319f41944744ad91c71113bf74a4646efff39afe1f6842db1"
dependencies = [
 "cfg-if",
]

[[package]]
name = "crossbeam-utils"
version = "0.6.6"
source = "registry+https://github.com/rust-lang/crates.io-index"
checksum = "04973fa96e96579258a5091af6003abde64af786b860f18622b82e026cca60e6"
dependencies = [
 "cfg-if",
 "lazy_static",
]

[[package]]
name = "dirs"
version = "1.0.5"
source = "registry+https://github.com/rust-lang/crates.io-index"
checksum = "3fd78930633bd1c6e35c4b42b1df7b0cbc6bc191146e512bb3bedf243fcc3901"
dependencies = [
 "libc",
 "redox_users",
 "winapi",
]

[[package]]
name = "either"
version = "1.5.3"
source = "registry+https://github.com/rust-lang/crates.io-index"
checksum = "bb1f6b1ce1c140482ea30ddd3335fc0024ac7ee112895426e0a629a6c20adfe3"

[[package]]
name = "env_logger"
version = "0.5.13"
source = "registry+https://github.com/rust-lang/crates.io-index"
checksum = "15b0a4d2e39f8420210be8b27eeda28029729e2fd4291019455016c348240c38"
dependencies = [
 "atty",
 "humantime",
 "log",
 "regex",
 "termcolor",
]

[[package]]
name = "error-chain"
version = "0.11.0"
source = "registry+https://github.com/rust-lang/crates.io-index"
checksum = "ff511d5dc435d703f4971bc399647c9bc38e20cb41452e3b9feb4765419ed3f3"
dependencies = [
 "backtrace",
]

[[package]]
name = "failure"
version = "0.1.5"
source = "registry+https://github.com/rust-lang/crates.io-index"
checksum = "795bd83d3abeb9220f257e597aa0080a508b27533824adf336529648f6abf7e2"
dependencies = [
 "backtrace",
 "failure_derive",
]

[[package]]
name = "failure_derive"
version = "0.1.5"
source = "registry+https://github.com/rust-lang/crates.io-index"
checksum = "ea1063915fd7ef4309e222a5a07cf9c319fb9c7836b1f89b85458672dbb127e1"
dependencies = [
 "proc-macro2 0.4.30",
 "quote 0.6.13",
 "syn 0.15.44",
 "synstructure",
]

[[package]]
name = "fallible-iterator"
version = "0.2.0"
source = "registry+https://github.com/rust-lang/crates.io-index"
checksum = "4443176a9f2c162692bd3d352d745ef9413eec5782a80d8fd6f8a1ac692a07f7"

[[package]]
name = "fallible-streaming-iterator"
version = "0.1.9"
source = "registry+https://github.com/rust-lang/crates.io-index"
checksum = "7360491ce676a36bf9bb3c56c1aa791658183a54d2744120f27285738d90465a"

[[package]]
name = "flate2"
version = "1.0.11"
source = "registry+https://github.com/rust-lang/crates.io-index"
checksum = "2adaffba6388640136149e18ed080b77a78611c1e1d6de75aedcdf78df5d4682"
dependencies = [
 "crc32fast",
 "libc",
 "miniz_oxide",
]

[[package]]
name = "fuchsia-cprng"
version = "0.1.1"
source = "registry+https://github.com/rust-lang/crates.io-index"
checksum = "a06f77d526c1a601b7c4cdd98f54b5eaabffc14d5f2f0296febdc7f357c6d3ba"

[[package]]
name = "futures"
version = "0.3.5"
source = "registry+https://github.com/rust-lang/crates.io-index"
checksum = "1e05b85ec287aac0dc34db7d4a569323df697f9c55b99b15d6b4ef8cde49f613"
dependencies = [
 "futures-channel",
 "futures-core",
 "futures-executor",
 "futures-io",
 "futures-sink",
 "futures-task",
 "futures-util",
]

[[package]]
name = "futures-channel"
version = "0.3.5"
source = "registry+https://github.com/rust-lang/crates.io-index"
checksum = "f366ad74c28cca6ba456d95e6422883cfb4b252a83bed929c83abfdbbf2967d5"
dependencies = [
 "futures-core",
 "futures-sink",
]

[[package]]
name = "futures-core"
version = "0.3.5"
source = "registry+https://github.com/rust-lang/crates.io-index"
checksum = "59f5fff90fd5d971f936ad674802482ba441b6f09ba5e15fd8b39145582ca399"

[[package]]
name = "futures-executor"
version = "0.3.5"
source = "registry+https://github.com/rust-lang/crates.io-index"
checksum = "10d6bb888be1153d3abeb9006b11b02cf5e9b209fda28693c31ae1e4e012e314"
dependencies = [
 "futures-core",
 "futures-task",
 "futures-util",
]

[[package]]
name = "futures-io"
version = "0.3.5"
source = "registry+https://github.com/rust-lang/crates.io-index"
checksum = "de27142b013a8e869c14957e6d2edeef89e97c289e69d042ee3a49acd8b51789"

[[package]]
name = "futures-macro"
version = "0.3.5"
source = "registry+https://github.com/rust-lang/crates.io-index"
checksum = "d0b5a30a4328ab5473878237c447333c093297bded83a4983d10f4deea240d39"
dependencies = [
 "proc-macro-hack",
 "proc-macro2 1.0.19",
 "quote 1.0.7",
 "syn 1.0.35",
]

[[package]]
name = "futures-sink"
version = "0.3.5"
source = "registry+https://github.com/rust-lang/crates.io-index"
checksum = "3f2032893cb734c7a05d85ce0cc8b8c4075278e93b24b66f9de99d6eb0fa8acc"

[[package]]
name = "futures-task"
version = "0.3.5"
source = "registry+https://github.com/rust-lang/crates.io-index"
checksum = "bdb66b5f09e22019b1ab0830f7785bcea8e7a42148683f99214f73f8ec21a626"
dependencies = [
 "once_cell",
]

[[package]]
name = "futures-util"
version = "0.3.5"
source = "registry+https://github.com/rust-lang/crates.io-index"
checksum = "8764574ff08b701a084482c3c7031349104b07ac897393010494beaa18ce32c6"
dependencies = [
 "futures-channel",
 "futures-core",
 "futures-io",
 "futures-macro",
 "futures-sink",
 "futures-task",
 "memchr",
 "pin-project",
 "pin-utils",
 "proc-macro-hack",
 "proc-macro-nested",
 "slab",
]

[[package]]
name = "gdk"
version = "0.13.0"
source = "registry+https://github.com/rust-lang/crates.io-index"
checksum = "7764140c1246a19ce9b5f7e8b760f7d11644651a8e18a64873e9980cd68ba558"
dependencies = [
 "bitflags",
 "cairo-rs",
 "cairo-sys-rs",
 "gdk-pixbuf",
 "gdk-sys",
 "gio",
 "gio-sys",
 "glib",
 "glib-sys",
 "gobject-sys",
 "libc",
 "pango",
]

[[package]]
name = "gdk-pixbuf"
version = "0.9.0"
source = "registry+https://github.com/rust-lang/crates.io-index"
checksum = "8f6dae3cb99dd49b758b88f0132f8d401108e63ae8edd45f432d42cdff99998a"
dependencies = [
 "gdk-pixbuf-sys",
 "gio",
 "gio-sys",
 "glib",
 "glib-sys",
 "gobject-sys",
 "libc",
]

[[package]]
name = "gdk-pixbuf-sys"
version = "0.10.0"
source = "registry+https://github.com/rust-lang/crates.io-index"
checksum = "3bfe468a7f43e97b8d193a762b6c5cf67a7d36cacbc0b9291dbcae24bfea1e8f"
dependencies = [
 "gio-sys",
 "glib-sys",
 "gobject-sys",
 "libc",
 "system-deps",
]

[[package]]
name = "gdk-sys"
version = "0.10.0"
source = "registry+https://github.com/rust-lang/crates.io-index"
checksum = "0a9653cfc500fd268015b1ac055ddbc3df7a5c9ea3f4ccef147b3957bd140d69"
dependencies = [
 "cairo-sys-rs",
 "gdk-pixbuf-sys",
 "gio-sys",
 "glib-sys",
 "gobject-sys",
 "libc",
 "pango-sys",
 "pkg-config",
 "system-deps",
]

[[package]]
name = "getrandom"
version = "0.1.12"
source = "registry+https://github.com/rust-lang/crates.io-index"
checksum = "473a1265acc8ff1e808cd0a1af8cee3c2ee5200916058a2ca113c29f2d903571"
dependencies = [
 "cfg-if",
 "libc",
 "wasi",
]

[[package]]
name = "gio"
version = "0.9.0"
source = "registry+https://github.com/rust-lang/crates.io-index"
checksum = "3c5492e80b45e6c56214894a9a0cbe1340ab5066eb44a2dbe151393b6d7942c0"
dependencies = [
 "bitflags",
 "futures",
 "futures-channel",
 "futures-core",
 "futures-io",
 "futures-util",
 "gio-sys",
 "glib",
 "glib-sys",
 "gobject-sys",
 "libc",
 "once_cell",
 "thiserror",
]

[[package]]
name = "gio-sys"
version = "0.10.0"
source = "registry+https://github.com/rust-lang/crates.io-index"
checksum = "35993626299fbcaa73c0a19be8fdd01c950f9f3d3ac9cb4fb5532b924ab1a5d7"
dependencies = [
 "glib-sys",
 "gobject-sys",
 "libc",
 "system-deps",
]

[[package]]
name = "glib"
version = "0.10.1"
source = "registry+https://github.com/rust-lang/crates.io-index"
checksum = "a5e0533f48640d86e8e2f3cee778a9f97588d4a0bec8be065ee51ea52346d6c1"
dependencies = [
 "bitflags",
 "futures-channel",
 "futures-core",
 "futures-executor",
 "futures-task",
 "futures-util",
 "glib-macros",
 "glib-sys",
 "gobject-sys",
 "libc",
 "once_cell",
]

[[package]]
name = "glib-macros"
version = "0.10.1"
source = "registry+https://github.com/rust-lang/crates.io-index"
checksum = "41486a26d1366a8032b160b59065a59fb528530a46a49f627e7048fb8c064039"
dependencies = [
 "anyhow",
 "heck",
 "itertools",
 "proc-macro-crate",
 "proc-macro-error",
 "proc-macro2 1.0.19",
 "quote 1.0.7",
 "syn 1.0.35",
]

[[package]]
name = "glib-sys"
version = "0.10.0"
source = "registry+https://github.com/rust-lang/crates.io-index"
checksum = "b6cda4af5c2f4507b7a3535b798dca2135293f4bc3a17f399ce244ef15841c4c"
dependencies = [
 "libc",
 "system-deps",
]

[[package]]
name = "gobject-sys"
version = "0.10.0"
source = "registry+https://github.com/rust-lang/crates.io-index"
checksum = "952133b60c318a62bf82ee75b93acc7e84028a093e06b9e27981c2b6fe68218c"
dependencies = [
 "glib-sys",
 "libc",
 "system-deps",
]

[[package]]
name = "gtk"
version = "0.9.0"
source = "registry+https://github.com/rust-lang/crates.io-index"
checksum = "3adf6adf7ba686d5e4f4dae32edfa12118af9469f67425f0afd075bf4a58ea9d"
dependencies = [
 "atk",
 "bitflags",
 "cairo-rs",
 "cairo-sys-rs",
 "cc",
 "gdk",
 "gdk-pixbuf",
 "gdk-pixbuf-sys",
 "gdk-sys",
 "gio",
 "gio-sys",
 "glib",
 "glib-sys",
 "gobject-sys",
 "gtk-sys",
 "libc",
 "once_cell",
 "pango",
 "pango-sys",
 "pkg-config",
]

[[package]]
name = "gtk-sys"
version = "0.10.0"
source = "registry+https://github.com/rust-lang/crates.io-index"
checksum = "89acda6f084863307d948ba64a4b1ef674e8527dddab147ee4cdcc194c880457"
dependencies = [
 "atk-sys",
 "cairo-sys-rs",
 "gdk-pixbuf-sys",
 "gdk-sys",
 "gio-sys",
 "glib-sys",
 "gobject-sys",
 "libc",
 "pango-sys",
 "system-deps",
]

[[package]]
name = "gumdrop"
version = "0.4.0"
source = "registry+https://github.com/rust-lang/crates.io-index"
checksum = "b776c41038e3c3b6b2fb188cfda9282b3caed6b964749836ce1a763a8e0b9449"
dependencies = [
 "gumdrop_derive",
]

[[package]]
name = "gumdrop_derive"
version = "0.4.1"
source = "registry+https://github.com/rust-lang/crates.io-index"
checksum = "d51865073dd492ad5b545835557c854dbdf826f72c5ca343d1c3a6ab71185e30"
dependencies = [
 "quote 0.5.2",
 "syn 0.13.11",
]

[[package]]
name = "heck"
version = "0.3.1"
source = "registry+https://github.com/rust-lang/crates.io-index"
checksum = "20564e78d53d2bb135c343b3f47714a56af2061f1c928fdb541dc7b9fdd94205"
dependencies = [
 "unicode-segmentation",
]

[[package]]
name = "humantime"
version = "1.3.0"
source = "registry+https://github.com/rust-lang/crates.io-index"
checksum = "df004cfca50ef23c36850aaaa59ad52cc70d0e90243c3c7737a4dd32dc7a3c4f"
dependencies = [
 "quick-error",
]

[[package]]
name = "idna"
version = "0.1.5"
source = "registry+https://github.com/rust-lang/crates.io-index"
checksum = "38f09e0f0b1fb55fdee1f17470ad800da77af5186a1a76c026b679358b7e844e"
dependencies = [
 "matches",
 "unicode-bidi",
 "unicode-normalization",
]

[[package]]
name = "itertools"
version = "0.9.0"
source = "registry+https://github.com/rust-lang/crates.io-index"
checksum = "284f18f85651fe11e8a991b2adb42cb078325c996ed026d994719efcfca1d54b"
dependencies = [
 "either",
]

[[package]]
name = "javascriptcore-rs"
version = "0.10.0"
source = "registry+https://github.com/rust-lang/crates.io-index"
checksum = "5ecc697657edc9cd3d85d5ec6941f74cc9bb2ae84bec320f55c9397c5a8d8722"
dependencies = [
 "glib",
 "javascriptcore-rs-sys",
]

[[package]]
name = "javascriptcore-rs-sys"
version = "0.2.0"
source = "registry+https://github.com/rust-lang/crates.io-index"
checksum = "3f46ada8a08dcd75a10afae872fbfb51275df4a8ae0d46b8cc7c708f08dd2998"
dependencies = [
 "libc",
]

[[package]]
name = "json"
version = "0.11.15"
source = "registry+https://github.com/rust-lang/crates.io-index"
checksum = "92c245af8786f6ac35f95ca14feca9119e71339aaab41e878e7cdd655c97e9e5"

[[package]]
name = "lazy_static"
version = "1.4.0"
source = "registry+https://github.com/rust-lang/crates.io-index"
checksum = "e2abad23fbc42b3700f2f279844dc832adb2b2eb069b2df918f455c4e18cc646"

[[package]]
name = "libc"
version = "0.2.62"
source = "registry+https://github.com/rust-lang/crates.io-index"
checksum = "34fcd2c08d2f832f376f4173a231990fa5aef4e99fb569867318a227ef4c06ba"

[[package]]
name = "libsqlite3-sys"
version = "0.18.0"
source = "registry+https://github.com/rust-lang/crates.io-index"
checksum = "1e704a02bcaecd4a08b93a23f6be59d0bd79cd161e0963e9499165a0a35df7bd"
dependencies = [
 "pkg-config",
 "vcpkg",
]

[[package]]
name = "libxdo"
version = "0.6.0"
source = "registry+https://github.com/rust-lang/crates.io-index"
checksum = "00333b8756a3d28e78def82067a377de7fa61b24909000aeaa2b446a948d14db"
dependencies = [
 "libxdo-sys",
]

[[package]]
name = "libxdo-sys"
version = "0.11.0"
source = "registry+https://github.com/rust-lang/crates.io-index"
checksum = "db23b9e7e2b7831bbd8aac0bbeeeb7b68cbebc162b227e7052e8e55829a09212"
dependencies = [
 "libc",
 "x11",
]

[[package]]
name = "linked-hash-map"
version = "0.5.2"
source = "registry+https://github.com/rust-lang/crates.io-index"
checksum = "ae91b68aebc4ddb91978b11a1b02ddd8602a05ec19002801c5666000e05e0f83"

[[package]]
name = "log"
version = "0.4.8"
source = "registry+https://github.com/rust-lang/crates.io-index"
checksum = "14b6052be84e6b71ab17edffc2eeabf5c2c3ae1fdb464aae35ac50c67a44e1f7"
dependencies = [
 "cfg-if",
]

[[package]]
name = "log-panics"
version = "2.0.0"
source = "registry+https://github.com/rust-lang/crates.io-index"
checksum = "ae0136257df209261daa18d6c16394757c63e032e27aafd8b07788b051082bef"
dependencies = [
 "backtrace",
 "log",
]

[[package]]
name = "lru-cache"
version = "0.1.2"
source = "registry+https://github.com/rust-lang/crates.io-index"
checksum = "31e24f1ad8321ca0e8a1e0ac13f23cb668e6f5466c2c57319f6a5cf1cc8e3b1c"
dependencies = [
 "linked-hash-map",
]

[[package]]
name = "matches"
version = "0.1.8"
source = "registry+https://github.com/rust-lang/crates.io-index"
checksum = "7ffc5c5338469d4d3ea17d269fa8ea3512ad247247c30bd2df69e68309ed0a08"

[[package]]
name = "memchr"
version = "2.2.1"
source = "registry+https://github.com/rust-lang/crates.io-index"
checksum = "88579771288728879b57485cc7d6b07d648c9f0141eb955f8ab7f9d45394468e"

[[package]]
name = "mg"
version = "0.14.0"
source = "registry+https://github.com/rust-lang/crates.io-index"
checksum = "a490c1600729ab1e877fabb39b623368c9da9897b8541edf1fdd31ab62d7bdb3"
dependencies = [
 "gdk",
 "glib",
 "gtk",
 "log",
 "mg-settings",
 "pango",
 "relm",
 "relm-derive",
]

[[package]]
name = "mg-settings"
version = "0.4.3"
source = "registry+https://github.com/rust-lang/crates.io-index"
checksum = "c5438f5175f7a19c8a485f2532972d743c3fc49c94bb902f0d0a75ca0786e91c"
dependencies = [
 "mg-settings-macros",
]

[[package]]
name = "mg-settings-macros"
version = "0.4.2"
source = "registry+https://github.com/rust-lang/crates.io-index"
checksum = "165bf83ccc49cccaa91e973eeb08bea23a318642ac9d4d907f17b648692f9706"
dependencies = [
 "env_logger",
 "log",
 "quote 0.5.2",
 "syn 0.13.11",
]

[[package]]
name = "miniz_oxide"
version = "0.3.2"
source = "registry+https://github.com/rust-lang/crates.io-index"
checksum = "7108aff85b876d06f22503dcce091e29f76733b2bfdd91eebce81f5e68203a10"
dependencies = [
 "adler32",
]

[[package]]
name = "msdos_time"
version = "0.1.6"
source = "registry+https://github.com/rust-lang/crates.io-index"
checksum = "aad9dfe950c057b1bfe9c1f2aa51583a8468ef2a5baba2ebbe06d775efeb7729"
dependencies = [
 "time",
 "winapi",
]

[[package]]
name = "nodrop"
version = "0.1.13"
source = "registry+https://github.com/rust-lang/crates.io-index"
checksum = "2f9667ddcc6cc8a43afc9b7917599d7216aa09c463919ea32c59ed6cac8bc945"

[[package]]
name = "num-integer"
version = "0.1.41"
source = "registry+https://github.com/rust-lang/crates.io-index"
checksum = "b85e541ef8255f6cf42bbfe4ef361305c6c135d10919ecc26126c4e5ae94bc09"
dependencies = [
 "autocfg",
 "num-traits",
]

[[package]]
name = "num-traits"
version = "0.2.8"
source = "registry+https://github.com/rust-lang/crates.io-index"
checksum = "6ba9a427cfca2be13aa6f6403b0b7e7368fe982bfa16fccc450ce74c46cd9b32"
dependencies = [
 "autocfg",
]

[[package]]
name = "number_prefix"
version = "0.2.8"
source = "registry+https://github.com/rust-lang/crates.io-index"
checksum = "dbf9993e59c894e3c08aa1c2712914e9e6bf1fcbfc6bef283e2183df345a4fee"
dependencies = [
 "num-traits",
]

[[package]]
name = "once_cell"
version = "1.4.0"
source = "registry+https://github.com/rust-lang/crates.io-index"
checksum = "0b631f7e854af39a1739f401cf34a8a013dfe09eac4fa4dba91e9768bd28168d"

[[package]]
name = "open"
version = "1.3.2"
source = "registry+https://github.com/rust-lang/crates.io-index"
checksum = "94b424e1086328b0df10235c6ff47be63708071881bead9e76997d9291c0134b"
dependencies = [
 "winapi",
]

[[package]]
name = "pango"
version = "0.9.0"
source = "registry+https://github.com/rust-lang/crates.io-index"
checksum = "460dbe5ad850c46780ba61f142e966beacf5eebb09822830f796c91d7d4fec31"
dependencies = [
 "bitflags",
 "glib",
 "glib-sys",
 "gobject-sys",
 "libc",
 "once_cell",
 "pango-sys",
]

[[package]]
name = "pango-sys"
version = "0.10.0"
source = "registry+https://github.com/rust-lang/crates.io-index"
checksum = "24d2650c8b62d116c020abd0cea26a4ed96526afda89b1c4ea567131fdefc890"
dependencies = [
 "glib-sys",
 "gobject-sys",
 "libc",
 "system-deps",
]

[[package]]
name = "password-store"
version = "0.4.0"
source = "registry+https://github.com/rust-lang/crates.io-index"
checksum = "ffd47abc2bf8c36ccf736ee2af39aadee4cc0d3ea4784dbf38fa970e97e5f046"
dependencies = [
 "json",
]

[[package]]
name = "percent-encoding"
version = "1.0.1"
source = "registry+https://github.com/rust-lang/crates.io-index"
checksum = "31010dd2e1ac33d5b46a5b413495239882813e0369f8ed8a5e266f173602f831"

[[package]]
name = "pin-project"
version = "0.4.22"
source = "registry+https://github.com/rust-lang/crates.io-index"
checksum = "12e3a6cdbfe94a5e4572812a0201f8c0ed98c1c452c7b8563ce2276988ef9c17"
dependencies = [
 "pin-project-internal",
]

[[package]]
name = "pin-project-internal"
version = "0.4.22"
source = "registry+https://github.com/rust-lang/crates.io-index"
checksum = "6a0ffd45cf79d88737d7cc85bfd5d2894bee1139b356e616fe85dc389c61aaf7"
dependencies = [
 "proc-macro2 1.0.19",
 "quote 1.0.7",
 "syn 1.0.35",
]

[[package]]
name = "pin-utils"
version = "0.1.0"
source = "registry+https://github.com/rust-lang/crates.io-index"
checksum = "8b870d8c151b6f2fb93e84a13146138f05d02ed11c7e7c54f8826aaaf7c9f184"

[[package]]
name = "pkg-config"
version = "0.3.16"
source = "registry+https://github.com/rust-lang/crates.io-index"
checksum = "72d5370d90f49f70bd033c3d75e87fc529fbfff9d6f7cccef07d6170079d91ea"

[[package]]
name = "podio"
version = "0.1.6"
source = "registry+https://github.com/rust-lang/crates.io-index"
checksum = "780fb4b6698bbf9cf2444ea5d22411cef2953f0824b98f33cf454ec5615645bd"

[[package]]
name = "ppv-lite86"
version = "0.2.5"
source = "registry+https://github.com/rust-lang/crates.io-index"
checksum = "e3cbf9f658cdb5000fcf6f362b8ea2ba154b9f146a61c7a20d647034c6b6561b"

[[package]]
name = "proc-macro-crate"
version = "0.1.5"
source = "registry+https://github.com/rust-lang/crates.io-index"
checksum = "1d6ea3c4595b96363c13943497db34af4460fb474a95c43f4446ad341b8c9785"
dependencies = [
 "toml",
]

[[package]]
name = "proc-macro-error"
version = "1.0.3"
source = "registry+https://github.com/rust-lang/crates.io-index"
checksum = "fc175e9777c3116627248584e8f8b3e2987405cabe1c0adf7d1dd28f09dc7880"
dependencies = [
 "proc-macro-error-attr",
 "proc-macro2 1.0.19",
 "quote 1.0.7",
 "syn 1.0.35",
 "version_check",
]

[[package]]
name = "proc-macro-error-attr"
version = "1.0.3"
source = "registry+https://github.com/rust-lang/crates.io-index"
checksum = "3cc9795ca17eb581285ec44936da7fc2335a3f34f2ddd13118b6f4d515435c50"
dependencies = [
 "proc-macro2 1.0.19",
 "quote 1.0.7",
 "syn 1.0.35",
 "syn-mid",
 "version_check",
]

[[package]]
name = "proc-macro-hack"
version = "0.5.16"
source = "registry+https://github.com/rust-lang/crates.io-index"
checksum = "7e0456befd48169b9f13ef0f0ad46d492cf9d2dbb918bcf38e01eed4ce3ec5e4"

[[package]]
name = "proc-macro-nested"
version = "0.1.6"
source = "registry+https://github.com/rust-lang/crates.io-index"
checksum = "eba180dafb9038b050a4c280019bbedf9f2467b61e5d892dcad585bb57aadc5a"

[[package]]
name = "proc-macro2"
version = "0.3.8"
source = "registry+https://github.com/rust-lang/crates.io-index"
checksum = "1b06e2f335f48d24442b35a19df506a835fb3547bc3c06ef27340da9acf5cae7"
dependencies = [
 "unicode-xid 0.1.0",
]

[[package]]
name = "proc-macro2"
version = "0.4.30"
source = "registry+https://github.com/rust-lang/crates.io-index"
checksum = "cf3d2011ab5c909338f7887f4fc896d35932e29146c12c8d01da6b22a80ba759"
dependencies = [
 "unicode-xid 0.1.0",
]

[[package]]
name = "proc-macro2"
version = "1.0.19"
source = "registry+https://github.com/rust-lang/crates.io-index"
checksum = "04f5f085b5d71e2188cb8271e5da0161ad52c3f227a661a3c135fdf28e258b12"
dependencies = [
 "unicode-xid 0.2.1",
]

[[package]]
name = "quick-error"
version = "1.2.2"
source = "registry+https://github.com/rust-lang/crates.io-index"
checksum = "9274b940887ce9addde99c4eee6b5c44cc494b182b97e73dc8ffdcb3397fd3f0"

[[package]]
name = "quote"
version = "0.5.2"
source = "registry+https://github.com/rust-lang/crates.io-index"
checksum = "9949cfe66888ffe1d53e6ec9d9f3b70714083854be20fd5e271b232a017401e8"
dependencies = [
 "proc-macro2 0.3.8",
]

[[package]]
name = "quote"
version = "0.6.13"
source = "registry+https://github.com/rust-lang/crates.io-index"
checksum = "6ce23b6b870e8f94f81fb0a363d65d86675884b34a09043c81e5562f11c1f8e1"
dependencies = [
 "proc-macro2 0.4.30",
]

[[package]]
name = "quote"
version = "1.0.7"
source = "registry+https://github.com/rust-lang/crates.io-index"
checksum = "aa563d17ecb180e500da1cfd2b028310ac758de548efdd203e18f283af693f37"
dependencies = [
 "proc-macro2 1.0.19",
]

[[package]]
name = "rand"
version = "0.7.2"
source = "registry+https://github.com/rust-lang/crates.io-index"
checksum = "3ae1b169243eaf61759b8475a998f0a385e42042370f3a7dbaf35246eacc8412"
dependencies = [
 "getrandom",
 "libc",
 "rand_chacha",
 "rand_core 0.5.1",
 "rand_hc",
]

[[package]]
name = "rand_chacha"
version = "0.2.1"
source = "registry+https://github.com/rust-lang/crates.io-index"
checksum = "03a2a90da8c7523f554344f921aa97283eadf6ac484a6d2a7d0212fa7f8d6853"
dependencies = [
 "c2-chacha",
 "rand_core 0.5.1",
]

[[package]]
name = "rand_core"
version = "0.3.1"
source = "registry+https://github.com/rust-lang/crates.io-index"
checksum = "7a6fdeb83b075e8266dcc8762c22776f6877a63111121f5f8c7411e5be7eed4b"
dependencies = [
 "rand_core 0.4.2",
]

[[package]]
name = "rand_core"
version = "0.4.2"
source = "registry+https://github.com/rust-lang/crates.io-index"
checksum = "9c33a3c44ca05fa6f1807d8e6743f3824e8509beca625669633be0acbdf509dc"

[[package]]
name = "rand_core"
version = "0.5.1"
source = "registry+https://github.com/rust-lang/crates.io-index"
checksum = "90bde5296fc891b0cef12a6d03ddccc162ce7b2aff54160af9338f8d40df6d19"
dependencies = [
 "getrandom",
]

[[package]]
name = "rand_hc"
version = "0.2.0"
source = "registry+https://github.com/rust-lang/crates.io-index"
checksum = "ca3129af7b92a17112d59ad498c6f81eaf463253766b90396d39ea7a39d6613c"
dependencies = [
 "rand_core 0.5.1",
]

[[package]]
name = "rand_os"
version = "0.1.3"
source = "registry+https://github.com/rust-lang/crates.io-index"
checksum = "7b75f676a1e053fc562eafbb47838d67c84801e38fc1ba459e8f180deabd5071"
dependencies = [
 "cloudabi",
 "fuchsia-cprng",
 "libc",
 "rand_core 0.4.2",
 "rdrand",
 "winapi",
]

[[package]]
name = "rdrand"
version = "0.4.0"
source = "registry+https://github.com/rust-lang/crates.io-index"
checksum = "678054eb77286b51581ba43620cc911abf02758c91f93f479767aed0f90458b2"
dependencies = [
 "rand_core 0.3.1",
]

[[package]]
name = "redox_syscall"
version = "0.1.56"
source = "registry+https://github.com/rust-lang/crates.io-index"
checksum = "2439c63f3f6139d1b57529d16bc3b8bb855230c8efcc5d3a896c8bea7c3b1e84"

[[package]]
name = "redox_users"
version = "0.3.1"
source = "registry+https://github.com/rust-lang/crates.io-index"
checksum = "4ecedbca3bf205f8d8f5c2b44d83cd0690e39ee84b951ed649e9f1841132b66d"
dependencies = [
 "failure",
 "rand_os",
 "redox_syscall",
 "rust-argon2",
]

[[package]]
name = "regex"
version = "1.3.1"
source = "registry+https://github.com/rust-lang/crates.io-index"
checksum = "dc220bd33bdce8f093101afe22a037b8eb0e5af33592e6a9caafff0d4cb81cbd"
dependencies = [
 "aho-corasick",
 "memchr",
 "regex-syntax",
 "thread_local",
]

[[package]]
name = "regex-syntax"
version = "0.6.12"
source = "registry+https://github.com/rust-lang/crates.io-index"
checksum = "11a7e20d1cce64ef2fed88b66d347f88bd9babb82845b2b858f3edbf59a4f716"

[[package]]
name = "relm"
version = "0.21.0"
source = "registry+https://github.com/rust-lang/crates.io-index"
checksum = "9146725e1241fb01e2b2dab85e43859d770c527d95e56451a30abda65d189e2c"
dependencies = [
 "cairo-rs",
 "glib",
 "glib-sys",
 "gobject-sys",
 "gtk",
 "libc",
 "log",
 "quote 0.6.13",
 "syn 0.15.44",
]

[[package]]
name = "relm-derive"
version = "0.21.0"
source = "registry+https://github.com/rust-lang/crates.io-index"
checksum = "f8dfad01c044fc443386089bc153b4586199e96ac4d3749f0a85ec3aec88a069"
dependencies = [
 "lazy_static",
 "proc-macro2 1.0.19",
 "quote 1.0.7",
 "syn 1.0.35",
]

[[package]]
name = "remove_dir_all"
version = "0.5.2"
source = "registry+https://github.com/rust-lang/crates.io-index"
checksum = "4a83fa3702a688b9359eccba92d153ac33fd2e8462f9e0e3fdf155239ea7792e"
dependencies = [
 "winapi",
]

[[package]]
name = "rmp"
version = "0.8.8"
source = "registry+https://github.com/rust-lang/crates.io-index"
checksum = "0f594cb7ff8f1c5a7907f6be91f15795c8301e0d5718eb007fb5832723dd716e"
dependencies = [
 "byteorder",
 "num-traits",
]

[[package]]
name = "rmp-serialize"
version = "0.8.1"
source = "registry+https://github.com/rust-lang/crates.io-index"
checksum = "9e773be7fd9a452dd10294a1d0b6080bd7b858ddb3100d1b8818a97c1a4c4b47"
dependencies = [
 "rmp",
 "rustc-serialize",
]

[[package]]
name = "rusqlite"
version = "0.23.0"
source = "registry+https://github.com/rust-lang/crates.io-index"
checksum = "91d8c0af5f7b83a9c2ae43e2271105f9090bc6c1748892d31085b48f8a47d48f"
dependencies = [
 "bitflags",
 "fallible-iterator",
 "fallible-streaming-iterator",
 "libsqlite3-sys",
 "lru-cache",
 "memchr",
 "smallvec 1.8.0",
 "time",
]

[[package]]
name = "rust-argon2"
version = "0.5.1"
source = "registry+https://github.com/rust-lang/crates.io-index"
checksum = "4ca4eaef519b494d1f2848fc602d18816fed808a981aedf4f1f00ceb7c9d32cf"
dependencies = [
 "base64",
 "blake2b_simd",
 "crossbeam-utils",
]

[[package]]
name = "rustc-demangle"
version = "0.1.16"
source = "registry+https://github.com/rust-lang/crates.io-index"
checksum = "4c691c0e608126e00913e33f0ccf3727d5fc84573623b8d65b2df340b5201783"

[[package]]
name = "rustc-serialize"
version = "0.3.24"
source = "registry+https://github.com/rust-lang/crates.io-index"
checksum = "dcf128d1287d2ea9d80910b5f1120d0b8eede3fbf1abe91c40d39ea7d51e6fda"

[[package]]
name = "serde"
version = "1.0.114"
source = "registry+https://github.com/rust-lang/crates.io-index"
checksum = "5317f7588f0a5078ee60ef675ef96735a1442132dc645eb1d12c018620ed8cd3"

[[package]]
name = "simplelog"
version = "0.5.3"
source = "registry+https://github.com/rust-lang/crates.io-index"
checksum = "2e95345f185d5adeb8ec93459d2dc99654e294cc6ccf5b75414d8ea262de9a13"
dependencies = [
 "chrono",
 "log",
 "term",
]

[[package]]
name = "slab"
version = "0.4.2"
source = "registry+https://github.com/rust-lang/crates.io-index"
checksum = "c111b5bd5695e56cffe5129854aa230b39c93a305372fdbb2668ca2394eea9f8"

[[package]]
name = "smallvec"
version = "0.6.10"
source = "registry+https://github.com/rust-lang/crates.io-index"
checksum = "ab606a9c5e214920bb66c458cd7be8ef094f813f20fe77a54cc7dbfff220d4b7"

[[package]]
name = "smallvec"
version = "1.8.0"
source = "registry+https://github.com/rust-lang/crates.io-index"
checksum = "f2dd574626839106c320a323308629dcb1acfc96e32a8cba364ddc61ac23ee83"

[[package]]
name = "soup-sys"
version = "0.10.0"
source = "registry+https://github.com/rust-lang/crates.io-index"
checksum = "c3c7adf08565630bbb71f955f11f8a68464817ded2703a3549747c235b58a13e"
dependencies = [
 "bitflags",
 "gio-sys",
 "glib-sys",
 "gobject-sys",
 "libc",
 "pkg-config",
 "system-deps",
]

[[package]]
name = "strum"
version = "0.18.0"
source = "registry+https://github.com/rust-lang/crates.io-index"
checksum = "57bd81eb48f4c437cadc685403cad539345bf703d78e63707418431cecd4522b"

[[package]]
name = "strum_macros"
version = "0.18.0"
source = "registry+https://github.com/rust-lang/crates.io-index"
checksum = "87c85aa3f8ea653bfd3ddf25f7ee357ee4d204731f6aa9ad04002306f6e2774c"
dependencies = [
 "heck",
 "proc-macro2 1.0.19",
 "quote 1.0.7",
 "syn 1.0.35",
]

[[package]]
name = "syn"
version = "0.13.11"
source = "registry+https://github.com/rust-lang/crates.io-index"
checksum = "14f9bf6292f3a61d2c716723fdb789a41bbe104168e6f496dc6497e531ea1b9b"
dependencies = [
 "proc-macro2 0.3.8",
 "quote 0.5.2",
 "unicode-xid 0.1.0",
]

[[package]]
name = "syn"
version = "0.15.44"
source = "registry+https://github.com/rust-lang/crates.io-index"
checksum = "9ca4b3b69a77cbe1ffc9e198781b7acb0c7365a883670e8f1c1bc66fba79a5c5"
dependencies = [
 "proc-macro2 0.4.30",
 "quote 0.6.13",
 "unicode-xid 0.1.0",
]

[[package]]
name = "syn"
version = "1.0.35"
source = "registry+https://github.com/rust-lang/crates.io-index"
checksum = "fb7f4c519df8c117855e19dd8cc851e89eb746fe7a73f0157e0d95fdec5369b0"
dependencies = [
 "proc-macro2 1.0.19",
 "quote 1.0.7",
 "unicode-xid 0.2.1",
]

[[package]]
name = "syn-mid"
version = "0.5.0"
source = "registry+https://github.com/rust-lang/crates.io-index"
checksum = "7be3539f6c128a931cf19dcee741c1af532c7fd387baa739c03dd2e96479338a"
dependencies = [
 "proc-macro2 1.0.19",
 "quote 1.0.7",
 "syn 1.0.35",
]

[[package]]
name = "synstructure"
version = "0.10.2"
source = "registry+https://github.com/rust-lang/crates.io-index"
checksum = "02353edf96d6e4dc81aea2d8490a7e9db177bf8acb0e951c24940bf866cb313f"
dependencies = [
 "proc-macro2 0.4.30",
 "quote 0.6.13",
 "syn 0.15.44",
 "unicode-xid 0.1.0",
]

[[package]]
name = "syslog"
version = "4.0.1"
source = "registry+https://github.com/rust-lang/crates.io-index"
checksum = "a0641142b4081d3d44beffa4eefd7346a228cdf91ed70186db2ca2cef762d327"
dependencies = [
 "error-chain",
 "libc",
 "log",
 "time",
]

[[package]]
name = "system-deps"
version = "1.3.2"
source = "registry+https://github.com/rust-lang/crates.io-index"
checksum = "0f3ecc17269a19353b3558b313bba738b25d82993e30d62a18406a24aba4649b"
dependencies = [
 "heck",
 "pkg-config",
 "strum",
 "strum_macros",
 "thiserror",
 "toml",
 "version-compare",
]

[[package]]
name = "tempfile"
version = "3.1.0"
source = "registry+https://github.com/rust-lang/crates.io-index"
checksum = "7a6e24d9338a0a5be79593e2fa15a648add6138caa803e2d5bc782c371732ca9"
dependencies = [
 "cfg-if",
 "libc",
 "rand",
 "redox_syscall",
 "remove_dir_all",
 "winapi",
]

[[package]]
name = "term"
version = "0.5.2"
source = "registry+https://github.com/rust-lang/crates.io-index"
checksum = "edd106a334b7657c10b7c540a0106114feadeb4dc314513e97df481d5d966f42"
dependencies = [
 "byteorder",
 "dirs",
 "winapi",
]

[[package]]
name = "termcolor"
version = "1.0.5"
source = "registry+https://github.com/rust-lang/crates.io-index"
checksum = "96d6098003bde162e4277c70665bd87c326f5a0c3f3fbfb285787fa482d54e6e"
dependencies = [
 "wincolor",
]

[[package]]
name = "thiserror"
version = "1.0.20"
source = "registry+https://github.com/rust-lang/crates.io-index"
checksum = "7dfdd070ccd8ccb78f4ad66bf1982dc37f620ef696c6b5028fe2ed83dd3d0d08"
dependencies = [
 "thiserror-impl",
]

[[package]]
name = "thiserror-impl"
version = "1.0.20"
source = "registry+https://github.com/rust-lang/crates.io-index"
checksum = "bd80fc12f73063ac132ac92aceea36734f04a1d93c1240c6944e23a3b8841793"
dependencies = [
 "proc-macro2 1.0.19",
 "quote 1.0.7",
 "syn 1.0.35",
]

[[package]]
name = "thread_local"
version = "0.3.6"
source = "registry+https://github.com/rust-lang/crates.io-index"
checksum = "c6b53e329000edc2b34dbe8545fd20e55a333362d0a321909685a19bd28c3f1b"
dependencies = [
 "lazy_static",
]

[[package]]
name = "time"
version = "0.1.42"
source = "registry+https://github.com/rust-lang/crates.io-index"
checksum = "db8dcfca086c1143c9270ac42a2bbd8a7ee477b78ac8e45b19abfb0cbede4b6f"
dependencies = [
 "libc",
 "redox_syscall",
 "winapi",
]

[[package]]
name = "titanium"
version = "0.1.1"
dependencies = [
 "cairo-rs",
 "gdk",
 "gio",
 "gio-sys",
 "glib",
 "glib-sys",
 "gobject-sys",
 "gtk",
 "gumdrop",
 "libxdo",
 "log",
 "log-panics",
 "mg",
 "mg-settings",
 "mg-settings-macros",
 "number_prefix",
 "open",
 "password-store",
 "percent-encoding",
 "relm",
 "relm-derive",
 "rusqlite",
 "simplelog",
 "syslog",
 "tempfile",
 "titanium-common",
 "url",
 "webkit2gtk",
 "xdg",
 "zip",
]

[[package]]
name = "titanium-common"
version = "0.1.0"
dependencies = [
 "gio",
 "glib",
 "log",
 "relm",
 "relm-derive",
 "rmp-serialize",
 "rustc-serialize",
]

[[package]]
name = "toml"
version = "0.5.6"
source = "registry+https://github.com/rust-lang/crates.io-index"
checksum = "ffc92d160b1eef40665be3a05630d003936a3bc7da7421277846c2613e92c71a"
dependencies = [
 "serde",
]

[[package]]
name = "unicode-bidi"
version = "0.3.4"
source = "registry+https://github.com/rust-lang/crates.io-index"
checksum = "49f2bd0c6468a8230e1db229cff8029217cf623c767ea5d60bfbd42729ea54d5"
dependencies = [
 "matches",
]

[[package]]
name = "unicode-normalization"
version = "0.1.8"
source = "registry+https://github.com/rust-lang/crates.io-index"
checksum = "141339a08b982d942be2ca06ff8b076563cbe223d1befd5450716790d44e2426"
dependencies = [
 "smallvec 0.6.10",
]

[[package]]
name = "unicode-segmentation"
version = "1.6.0"
source = "registry+https://github.com/rust-lang/crates.io-index"
checksum = "e83e153d1053cbb5a118eeff7fd5be06ed99153f00dbcd8ae310c5fb2b22edc0"

[[package]]
name = "unicode-xid"
version = "0.1.0"
source = "registry+https://github.com/rust-lang/crates.io-index"
checksum = "fc72304796d0818e357ead4e000d19c9c174ab23dc11093ac919054d20a6a7fc"

[[package]]
name = "unicode-xid"
version = "0.2.1"
source = "registry+https://github.com/rust-lang/crates.io-index"
checksum = "f7fe0bb3479651439c9112f72b6c505038574c9fbb575ed1bf3b797fa39dd564"

[[package]]
name = "url"
version = "1.7.2"
source = "registry+https://github.com/rust-lang/crates.io-index"
checksum = "dd4e7c0d531266369519a4aa4f399d748bd37043b00bde1e4ff1f60a120b355a"
dependencies = [
 "idna",
 "matches",
 "percent-encoding",
]

[[package]]
name = "vcpkg"
version = "0.2.7"
source = "registry+https://github.com/rust-lang/crates.io-index"
checksum = "33dd455d0f96e90a75803cfeb7f948768c08d70a6de9a8d2362461935698bf95"

[[package]]
name = "version-compare"
version = "0.0.10"
source = "registry+https://github.com/rust-lang/crates.io-index"
checksum = "d63556a25bae6ea31b52e640d7c41d1ab27faba4ccb600013837a3d0b3994ca1"

[[package]]
name = "version_check"
version = "0.9.2"
source = "registry+https://github.com/rust-lang/crates.io-index"
checksum = "b5a972e5669d67ba988ce3dc826706fb0a8b01471c088cb0b6110b805cc36aed"

[[package]]
name = "wasi"
version = "0.7.0"
source = "registry+https://github.com/rust-lang/crates.io-index"
checksum = "b89c3ce4ce14bdc6fb6beaf9ec7928ca331de5df7e5ea278375642a2f478570d"

[[package]]
name = "webkit2gtk"
version = "0.10.0"
source = "registry+https://github.com/rust-lang/crates.io-index"
checksum = "c27a82d3d7ad4a8c4ce9ec69617a2467fd80fd33aeb72ca07cdd4aa8fa2d5534"
dependencies = [
 "bitflags",
 "cairo-rs",
 "gdk",
 "gdk-sys",
 "gio",
 "gio-sys",
 "glib",
 "glib-sys",
 "gobject-sys",
 "gtk",
 "gtk-sys",
 "javascriptcore-rs",
 "libc",
 "webkit2gtk-sys",
]

[[package]]
name = "webkit2gtk-sys"
version = "0.12.0"
source = "registry+https://github.com/rust-lang/crates.io-index"
checksum = "389e5138c85a0d111b9bda05b59efa8562315e1d657d72451410e12c858f0619"
dependencies = [
 "atk-sys",
 "bitflags",
 "cairo-sys-rs",
 "gdk-pixbuf-sys",
 "gdk-sys",
 "gio-sys",
 "glib-sys",
 "gobject-sys",
 "gtk-sys",
 "javascriptcore-rs-sys",
 "libc",
 "pango-sys",
 "pkg-config",
 "soup-sys",
]

[[package]]
name = "winapi"
version = "0.3.8"
source = "registry+https://github.com/rust-lang/crates.io-index"
checksum = "8093091eeb260906a183e6ae1abdba2ef5ef2257a21801128899c3fc699229c6"
dependencies = [
 "winapi-i686-pc-windows-gnu",
 "winapi-x86_64-pc-windows-gnu",
]

[[package]]
name = "winapi-i686-pc-windows-gnu"
version = "0.4.0"
source = "registry+https://github.com/rust-lang/crates.io-index"
checksum = "ac3b87c63620426dd9b991e5ce0329eff545bccbbb34f3be09ff6fb6ab51b7b6"

[[package]]
name = "winapi-util"
version = "0.1.2"
source = "registry+https://github.com/rust-lang/crates.io-index"
checksum = "7168bab6e1daee33b4557efd0e95d5ca70a03706d39fa5f3fe7a236f584b03c9"
dependencies = [
 "winapi",
]

[[package]]
name = "winapi-x86_64-pc-windows-gnu"
version = "0.4.0"
source = "registry+https://github.com/rust-lang/crates.io-index"
checksum = "712e227841d057c1ee1cd2fb22fa7e5a5461ae8e48fa2ca79ec42cfc1931183f"

[[package]]
name = "wincolor"
version = "1.0.2"
source = "registry+https://github.com/rust-lang/crates.io-index"
checksum = "96f5016b18804d24db43cebf3c77269e7569b8954a8464501c216cc5e070eaa9"
dependencies = [
 "winapi",
 "winapi-util",
]

[[package]]
name = "x11"
version = "2.18.1"
source = "registry+https://github.com/rust-lang/crates.io-index"
checksum = "39697e3123f715483d311b5826e254b6f3cfebdd83cf7ef3358f579c3d68e235"
dependencies = [
 "libc",
 "pkg-config",
]

[[package]]
name = "xdg"
version = "2.2.0"
source = "registry+https://github.com/rust-lang/crates.io-index"
checksum = "d089681aa106a86fade1b0128fb5daf07d5867a509ab036d99988dec80429a57"

[[package]]
name = "zip"
version = "0.3.3"
source = "registry+https://github.com/rust-lang/crates.io-index"
checksum = "77ce0ceee93c995954a31f77903925a6a8bb094709445238e344f2107910e29e"
dependencies = [
 "bzip2",
 "flate2",
 "msdos_time",
 "podio",
 "time",
]
