[root]
name = "titanium-web-extension"
version = "0.1.0"
dependencies = [
 "dbus 0.4.0 (registry+https://github.com/rust-lang/crates.io-index)",
 "dbus-macros 0.0.5 (registry+https://github.com/rust-lang/crates.io-index)",
 "glib 0.1.0 (git+https://github.com/gtk-rs/glib)",
 "glib-sys 0.3.1 (git+https://github.com/gtk-rs/sys)",
 "webkit2gtk-webextension 0.1.0 (git+https://github.com/antoyo/webkit2gtk-webextension-rs)",
 "webkit2gtk-webextension-sys 0.2.0 (git+https://github.com/antoyo/webkit2gtk-webextension-sys-rs)",
]

[[package]]
name = "atk-sys"
version = "0.3.1"
source = "git+https://github.com/gtk-rs/sys#774929a264759e2dd358ffc491889b25e0615cf9"
dependencies = [
 "bitflags 0.4.0 (registry+https://github.com/rust-lang/crates.io-index)",
 "glib-sys 0.3.1 (git+https://github.com/gtk-rs/sys)",
 "gobject-sys 0.3.1 (git+https://github.com/gtk-rs/sys)",
 "libc 0.2.16 (registry+https://github.com/rust-lang/crates.io-index)",
 "pkg-config 0.3.8 (registry+https://github.com/rust-lang/crates.io-index)",
]

[[package]]
name = "bitflags"
version = "0.4.0"
source = "registry+https://github.com/rust-lang/crates.io-index"

[[package]]
name = "bitflags"
version = "0.5.0"
source = "registry+https://github.com/rust-lang/crates.io-index"

[[package]]
name = "c_vec"
version = "1.0.12"
source = "registry+https://github.com/rust-lang/crates.io-index"

[[package]]
name = "cairo-rs"
version = "0.1.0"
source = "git+https://github.com/gtk-rs/cairo#2f14fc4771dd1f95b378bd02f607ca0dc3337584"
dependencies = [
 "c_vec 1.0.12 (registry+https://github.com/rust-lang/crates.io-index)",
 "cairo-sys-rs 0.3.1 (git+https://github.com/gtk-rs/cairo)",
 "glib 0.1.0 (git+https://github.com/gtk-rs/glib)",
 "libc 0.2.16 (registry+https://github.com/rust-lang/crates.io-index)",
]

[[package]]
name = "cairo-sys-rs"
version = "0.3.1"
source = "git+https://github.com/gtk-rs/cairo#2f14fc4771dd1f95b378bd02f607ca0dc3337584"
dependencies = [
 "libc 0.2.16 (registry+https://github.com/rust-lang/crates.io-index)",
 "pkg-config 0.3.8 (registry+https://github.com/rust-lang/crates.io-index)",
]

[[package]]
name = "dbus"
version = "0.4.0"
source = "registry+https://github.com/rust-lang/crates.io-index"
dependencies = [
 "libc 0.2.16 (registry+https://github.com/rust-lang/crates.io-index)",
 "pkg-config 0.3.8 (registry+https://github.com/rust-lang/crates.io-index)",
]

[[package]]
name = "dbus-macros"
version = "0.0.5"
source = "registry+https://github.com/rust-lang/crates.io-index"
dependencies = [
 "dbus 0.4.0 (registry+https://github.com/rust-lang/crates.io-index)",
]

[[package]]
name = "gdk"
version = "0.5.0"
source = "git+https://github.com/gtk-rs/gdk#d58cc4d3621148703669dac5435a5e8467cbf2f7"
dependencies = [
 "bitflags 0.5.0 (registry+https://github.com/rust-lang/crates.io-index)",
 "cairo-rs 0.1.0 (git+https://github.com/gtk-rs/cairo)",
 "gdk-pixbuf 0.1.0 (git+https://github.com/gtk-rs/gdk-pixbuf)",
 "gdk-sys 0.3.1 (git+https://github.com/gtk-rs/sys)",
 "gio 0.1.0 (git+https://github.com/gtk-rs/gio)",
 "glib 0.1.0 (git+https://github.com/gtk-rs/glib)",
 "glib-sys 0.3.1 (git+https://github.com/gtk-rs/sys)",
 "libc 0.2.16 (registry+https://github.com/rust-lang/crates.io-index)",
 "pango 0.1.0 (git+https://github.com/gtk-rs/pango)",
]

[[package]]
name = "gdk-pixbuf"
version = "0.1.0"
source = "git+https://github.com/gtk-rs/gdk-pixbuf#759474e6ee26e3d4cc5840cacef55c1d4c95a04a"
dependencies = [
 "gdk-pixbuf-sys 0.3.1 (git+https://github.com/gtk-rs/sys)",
 "glib 0.1.0 (git+https://github.com/gtk-rs/glib)",
 "libc 0.2.16 (registry+https://github.com/rust-lang/crates.io-index)",
]

[[package]]
name = "gdk-pixbuf-sys"
version = "0.3.1"
source = "git+https://github.com/gtk-rs/sys#774929a264759e2dd358ffc491889b25e0615cf9"
dependencies = [
 "bitflags 0.4.0 (registry+https://github.com/rust-lang/crates.io-index)",
 "gio-sys 0.3.1 (git+https://github.com/gtk-rs/sys)",
 "glib-sys 0.3.1 (git+https://github.com/gtk-rs/sys)",
 "gobject-sys 0.3.1 (git+https://github.com/gtk-rs/sys)",
 "libc 0.2.16 (registry+https://github.com/rust-lang/crates.io-index)",
 "pkg-config 0.3.8 (registry+https://github.com/rust-lang/crates.io-index)",
]

[[package]]
name = "gdk-sys"
version = "0.3.1"
source = "git+https://github.com/gtk-rs/sys#774929a264759e2dd358ffc491889b25e0615cf9"
dependencies = [
 "bitflags 0.4.0 (registry+https://github.com/rust-lang/crates.io-index)",
 "cairo-sys-rs 0.3.1 (git+https://github.com/gtk-rs/cairo)",
 "gdk-pixbuf-sys 0.3.1 (git+https://github.com/gtk-rs/sys)",
 "gio-sys 0.3.1 (git+https://github.com/gtk-rs/sys)",
 "glib-sys 0.3.1 (git+https://github.com/gtk-rs/sys)",
 "gobject-sys 0.3.1 (git+https://github.com/gtk-rs/sys)",
 "libc 0.2.16 (registry+https://github.com/rust-lang/crates.io-index)",
 "pango-sys 0.3.1 (git+https://github.com/gtk-rs/sys)",
 "pkg-config 0.3.8 (registry+https://github.com/rust-lang/crates.io-index)",
]

[[package]]
name = "gio"
version = "0.1.0"
source = "git+https://github.com/gtk-rs/gio#7f5e21d538dc90dd2abed7364c8e8fd06a1ee799"
dependencies = [
 "bitflags 0.5.0 (registry+https://github.com/rust-lang/crates.io-index)",
 "gio-sys 0.3.1 (git+https://github.com/gtk-rs/sys)",
 "glib 0.1.0 (git+https://github.com/gtk-rs/glib)",
 "glib-sys 0.3.1 (git+https://github.com/gtk-rs/sys)",
 "gobject-sys 0.3.1 (git+https://github.com/gtk-rs/sys)",
 "libc 0.2.16 (registry+https://github.com/rust-lang/crates.io-index)",
]

[[package]]
name = "gio-sys"
version = "0.3.1"
source = "git+https://github.com/gtk-rs/sys#774929a264759e2dd358ffc491889b25e0615cf9"
dependencies = [
 "bitflags 0.4.0 (registry+https://github.com/rust-lang/crates.io-index)",
 "glib-sys 0.3.1 (git+https://github.com/gtk-rs/sys)",
 "gobject-sys 0.3.1 (git+https://github.com/gtk-rs/sys)",
 "libc 0.2.16 (registry+https://github.com/rust-lang/crates.io-index)",
 "pkg-config 0.3.8 (registry+https://github.com/rust-lang/crates.io-index)",
]

[[package]]
name = "glib"
version = "0.1.0"
source = "git+https://github.com/gtk-rs/glib#8add40da937dc66deb27f7b9fd7253a6b68ff01d"
dependencies = [
 "bitflags 0.5.0 (registry+https://github.com/rust-lang/crates.io-index)",
 "glib-sys 0.3.1 (git+https://github.com/gtk-rs/sys)",
 "gobject-sys 0.3.1 (git+https://github.com/gtk-rs/sys)",
 "libc 0.2.16 (registry+https://github.com/rust-lang/crates.io-index)",
]

[[package]]
name = "glib-sys"
version = "0.3.1"
source = "git+https://github.com/gtk-rs/sys#774929a264759e2dd358ffc491889b25e0615cf9"
dependencies = [
 "bitflags 0.4.0 (registry+https://github.com/rust-lang/crates.io-index)",
 "libc 0.2.16 (registry+https://github.com/rust-lang/crates.io-index)",
 "pkg-config 0.3.8 (registry+https://github.com/rust-lang/crates.io-index)",
]

[[package]]
name = "gobject-sys"
version = "0.3.1"
source = "git+https://github.com/gtk-rs/sys#774929a264759e2dd358ffc491889b25e0615cf9"
dependencies = [
 "bitflags 0.4.0 (registry+https://github.com/rust-lang/crates.io-index)",
 "glib-sys 0.3.1 (git+https://github.com/gtk-rs/sys)",
 "libc 0.2.16 (registry+https://github.com/rust-lang/crates.io-index)",
 "pkg-config 0.3.8 (registry+https://github.com/rust-lang/crates.io-index)",
]

[[package]]
name = "gtk"
version = "0.1.0"
source = "git+https://github.com/gtk-rs/gtk#5f09817262491ccda3698239457a1db1e1c065c5"
dependencies = [
 "bitflags 0.5.0 (registry+https://github.com/rust-lang/crates.io-index)",
 "cairo-rs 0.1.0 (git+https://github.com/gtk-rs/cairo)",
 "cairo-sys-rs 0.3.1 (git+https://github.com/gtk-rs/cairo)",
 "gdk 0.5.0 (git+https://github.com/gtk-rs/gdk)",
 "gdk-pixbuf 0.1.0 (git+https://github.com/gtk-rs/gdk-pixbuf)",
 "gdk-pixbuf-sys 0.3.1 (git+https://github.com/gtk-rs/sys)",
 "gdk-sys 0.3.1 (git+https://github.com/gtk-rs/sys)",
 "gio 0.1.0 (git+https://github.com/gtk-rs/gio)",
 "gio-sys 0.3.1 (git+https://github.com/gtk-rs/sys)",
 "glib 0.1.0 (git+https://github.com/gtk-rs/glib)",
 "glib-sys 0.3.1 (git+https://github.com/gtk-rs/sys)",
 "gobject-sys 0.3.1 (git+https://github.com/gtk-rs/sys)",
 "gtk-sys 0.3.1 (git+https://github.com/gtk-rs/sys)",
 "libc 0.2.16 (registry+https://github.com/rust-lang/crates.io-index)",
 "pango 0.1.0 (git+https://github.com/gtk-rs/pango)",
]

[[package]]
name = "gtk-sys"
version = "0.3.1"
source = "git+https://github.com/gtk-rs/sys#774929a264759e2dd358ffc491889b25e0615cf9"
dependencies = [
 "atk-sys 0.3.1 (git+https://github.com/gtk-rs/sys)",
 "bitflags 0.4.0 (registry+https://github.com/rust-lang/crates.io-index)",
 "cairo-sys-rs 0.3.1 (git+https://github.com/gtk-rs/cairo)",
 "gdk-pixbuf-sys 0.3.1 (git+https://github.com/gtk-rs/sys)",
 "gdk-sys 0.3.1 (git+https://github.com/gtk-rs/sys)",
 "gio-sys 0.3.1 (git+https://github.com/gtk-rs/sys)",
 "glib-sys 0.3.1 (git+https://github.com/gtk-rs/sys)",
 "gobject-sys 0.3.1 (git+https://github.com/gtk-rs/sys)",
 "libc 0.2.16 (registry+https://github.com/rust-lang/crates.io-index)",
 "pango-sys 0.3.1 (git+https://github.com/gtk-rs/sys)",
 "pkg-config 0.3.8 (registry+https://github.com/rust-lang/crates.io-index)",
]

[[package]]
name = "libc"
version = "0.2.16"
source = "registry+https://github.com/rust-lang/crates.io-index"

[[package]]
name = "pango"
version = "0.1.0"
source = "git+https://github.com/gtk-rs/pango#bb0a042378b4c60ce54f308f4405a7584a6fb1d7"
dependencies = [
 "glib 0.1.0 (git+https://github.com/gtk-rs/glib)",
 "libc 0.2.16 (registry+https://github.com/rust-lang/crates.io-index)",
 "pango-sys 0.3.1 (git+https://github.com/gtk-rs/sys)",
]

[[package]]
name = "pango-sys"
version = "0.3.1"
source = "git+https://github.com/gtk-rs/sys#774929a264759e2dd358ffc491889b25e0615cf9"
dependencies = [
 "bitflags 0.4.0 (registry+https://github.com/rust-lang/crates.io-index)",
 "glib-sys 0.3.1 (git+https://github.com/gtk-rs/sys)",
 "gobject-sys 0.3.1 (git+https://github.com/gtk-rs/sys)",
 "libc 0.2.16 (registry+https://github.com/rust-lang/crates.io-index)",
 "pkg-config 0.3.8 (registry+https://github.com/rust-lang/crates.io-index)",
]

[[package]]
name = "pkg-config"
version = "0.3.8"
source = "registry+https://github.com/rust-lang/crates.io-index"

[[package]]
name = "soup-sys"
version = "0.3.1"
source = "git+https://github.com/antoyo/soup-sys-rs#0c873114dff6b57a6eda6315a9cf7ebb96f7f192"
dependencies = [
 "bitflags 0.4.0 (registry+https://github.com/rust-lang/crates.io-index)",
 "gio-sys 0.3.1 (git+https://github.com/gtk-rs/sys)",
 "glib-sys 0.3.1 (git+https://github.com/gtk-rs/sys)",
 "gobject-sys 0.3.1 (git+https://github.com/gtk-rs/sys)",
 "libc 0.2.16 (registry+https://github.com/rust-lang/crates.io-index)",
 "pkg-config 0.3.8 (registry+https://github.com/rust-lang/crates.io-index)",
]

[[package]]
name = "webkit2gtk-webextension"
version = "0.1.0"
source = "git+https://github.com/antoyo/webkit2gtk-webextension-rs#2a91ddb9b5e5122c274cb460afd439056bbb9499"
dependencies = [
 "glib 0.1.0 (git+https://github.com/gtk-rs/glib)",
 "glib-sys 0.3.1 (git+https://github.com/gtk-rs/sys)",
 "gtk 0.1.0 (git+https://github.com/gtk-rs/gtk)",
 "libc 0.2.16 (registry+https://github.com/rust-lang/crates.io-index)",
 "webkit2gtk-webextension-sys 0.2.0 (git+https://github.com/antoyo/webkit2gtk-webextension-sys-rs)",
]

[[package]]
name = "webkit2gtk-webextension-sys"
version = "0.2.0"
source = "git+https://github.com/antoyo/webkit2gtk-webextension-sys-rs#534e49bc1f1ff3a83360fe54a4c2db9ccbceabdf"
dependencies = [
 "bitflags 0.4.0 (registry+https://github.com/rust-lang/crates.io-index)",
 "glib-sys 0.3.1 (git+https://github.com/gtk-rs/sys)",
 "gobject-sys 0.3.1 (git+https://github.com/gtk-rs/sys)",
 "gtk-sys 0.3.1 (git+https://github.com/gtk-rs/sys)",
 "libc 0.2.16 (registry+https://github.com/rust-lang/crates.io-index)",
 "pkg-config 0.3.8 (registry+https://github.com/rust-lang/crates.io-index)",
 "soup-sys 0.3.1 (git+https://github.com/antoyo/soup-sys-rs)",
]

[metadata]
"checksum atk-sys 0.3.1 (git+https://github.com/gtk-rs/sys)" = "<none>"
"checksum bitflags 0.4.0 (registry+https://github.com/rust-lang/crates.io-index)" = "8dead7461c1127cf637931a1e50934eb6eee8bff2f74433ac7909e9afcee04a3"
"checksum bitflags 0.5.0 (registry+https://github.com/rust-lang/crates.io-index)" = "4f67931368edf3a9a51d29886d245f1c3db2f1ef0dcc9e35ff70341b78c10d23"
"checksum c_vec 1.0.12 (registry+https://github.com/rust-lang/crates.io-index)" = "aa9e1d9f7d49e289f36f19effbf3d5a5e30163ecf9c7a3c9be94d5374dec5b9a"
"checksum cairo-rs 0.1.0 (git+https://github.com/gtk-rs/cairo)" = "<none>"
"checksum cairo-sys-rs 0.3.1 (git+https://github.com/gtk-rs/cairo)" = "<none>"
"checksum dbus 0.4.0 (registry+https://github.com/rust-lang/crates.io-index)" = "07dffec4516468a6f7c207a89aefa133d80459fac2548a625b5518af99658ecc"
"checksum dbus-macros 0.0.5 (registry+https://github.com/rust-lang/crates.io-index)" = "d09a38f73e4bc8e89c06a6fd87ce9a9e0c8622f2165e5cec44f37a5b14ead6b4"
"checksum gdk 0.5.0 (git+https://github.com/gtk-rs/gdk)" = "<none>"
"checksum gdk-pixbuf 0.1.0 (git+https://github.com/gtk-rs/gdk-pixbuf)" = "<none>"
"checksum gdk-pixbuf-sys 0.3.1 (git+https://github.com/gtk-rs/sys)" = "<none>"
"checksum gdk-sys 0.3.1 (git+https://github.com/gtk-rs/sys)" = "<none>"
"checksum gio 0.1.0 (git+https://github.com/gtk-rs/gio)" = "<none>"
"checksum gio-sys 0.3.1 (git+https://github.com/gtk-rs/sys)" = "<none>"
"checksum glib 0.1.0 (git+https://github.com/gtk-rs/glib)" = "<none>"
"checksum glib-sys 0.3.1 (git+https://github.com/gtk-rs/sys)" = "<none>"
"checksum gobject-sys 0.3.1 (git+https://github.com/gtk-rs/sys)" = "<none>"
"checksum gtk 0.1.0 (git+https://github.com/gtk-rs/gtk)" = "<none>"
"checksum gtk-sys 0.3.1 (git+https://github.com/gtk-rs/sys)" = "<none>"
"checksum libc 0.2.16 (registry+https://github.com/rust-lang/crates.io-index)" = "408014cace30ee0f767b1c4517980646a573ec61a57957aeeabcac8ac0a02e8d"
"checksum pango 0.1.0 (git+https://github.com/gtk-rs/pango)" = "<none>"
"checksum pango-sys 0.3.1 (git+https://github.com/gtk-rs/sys)" = "<none>"
"checksum pkg-config 0.3.8 (registry+https://github.com/rust-lang/crates.io-index)" = "8cee804ecc7eaf201a4a207241472cc870e825206f6c031e3ee2a72fa425f2fa"
"checksum soup-sys 0.3.1 (git+https://github.com/antoyo/soup-sys-rs)" = "<none>"
"checksum webkit2gtk-webextension 0.1.0 (git+https://github.com/antoyo/webkit2gtk-webextension-rs)" = "<none>"
"checksum webkit2gtk-webextension-sys 0.2.0 (git+https://github.com/antoyo/webkit2gtk-webextension-sys-rs)" = "<none>"
