# This file is automatically @generated by Cargo.
# It is not intended for manual editing.
[[package]]
name = "atk"
version = "0.7.0"
source = "registry+https://github.com/rust-lang/crates.io-index"
dependencies = [
 "atk-sys 0.9.0 (registry+https://github.com/rust-lang/crates.io-index)",
 "bitflags 1.0.1 (registry+https://github.com/rust-lang/crates.io-index)",
 "glib 0.8.2 (registry+https://github.com/rust-lang/crates.io-index)",
 "glib-sys 0.9.0 (registry+https://github.com/rust-lang/crates.io-index)",
 "gobject-sys 0.9.0 (registry+https://github.com/rust-lang/crates.io-index)",
 "libc 0.2.66 (registry+https://github.com/rust-lang/crates.io-index)",
]

[[package]]
name = "atk-sys"
version = "0.9.0"
source = "registry+https://github.com/rust-lang/crates.io-index"
dependencies = [
 "glib-sys 0.9.0 (registry+https://github.com/rust-lang/crates.io-index)",
 "gobject-sys 0.9.0 (registry+https://github.com/rust-lang/crates.io-index)",
 "libc 0.2.66 (registry+https://github.com/rust-lang/crates.io-index)",
 "pkg-config 0.3.9 (registry+https://github.com/rust-lang/crates.io-index)",
]

[[package]]
name = "bitflags"
version = "1.0.1"
source = "registry+https://github.com/rust-lang/crates.io-index"

[[package]]
name = "byteorder"
version = "1.2.2"
source = "registry+https://github.com/rust-lang/crates.io-index"

[[package]]
name = "cairo-rs"
version = "0.7.1"
source = "registry+https://github.com/rust-lang/crates.io-index"
dependencies = [
 "bitflags 1.0.1 (registry+https://github.com/rust-lang/crates.io-index)",
 "cairo-sys-rs 0.9.0 (registry+https://github.com/rust-lang/crates.io-index)",
 "glib 0.8.2 (registry+https://github.com/rust-lang/crates.io-index)",
 "glib-sys 0.9.0 (registry+https://github.com/rust-lang/crates.io-index)",
 "gobject-sys 0.9.0 (registry+https://github.com/rust-lang/crates.io-index)",
 "libc 0.2.66 (registry+https://github.com/rust-lang/crates.io-index)",
]

[[package]]
name = "cairo-sys-rs"
version = "0.9.0"
source = "registry+https://github.com/rust-lang/crates.io-index"
dependencies = [
 "glib-sys 0.9.0 (registry+https://github.com/rust-lang/crates.io-index)",
 "libc 0.2.66 (registry+https://github.com/rust-lang/crates.io-index)",
 "pkg-config 0.3.9 (registry+https://github.com/rust-lang/crates.io-index)",
 "winapi 0.3.4 (registry+https://github.com/rust-lang/crates.io-index)",
]

[[package]]
name = "cc"
version = "1.0.25"
source = "registry+https://github.com/rust-lang/crates.io-index"

[[package]]
name = "cfg-if"
version = "0.1.2"
source = "registry+https://github.com/rust-lang/crates.io-index"

[[package]]
name = "fragile"
version = "0.3.0"
source = "registry+https://github.com/rust-lang/crates.io-index"

[[package]]
name = "gdk"
version = "0.11.0"
source = "registry+https://github.com/rust-lang/crates.io-index"
dependencies = [
 "bitflags 1.0.1 (registry+https://github.com/rust-lang/crates.io-index)",
 "cairo-rs 0.7.1 (registry+https://github.com/rust-lang/crates.io-index)",
 "cairo-sys-rs 0.9.0 (registry+https://github.com/rust-lang/crates.io-index)",
 "gdk-pixbuf 0.7.0 (registry+https://github.com/rust-lang/crates.io-index)",
 "gdk-sys 0.9.0 (registry+https://github.com/rust-lang/crates.io-index)",
 "gio 0.7.0 (registry+https://github.com/rust-lang/crates.io-index)",
 "gio-sys 0.9.0 (registry+https://github.com/rust-lang/crates.io-index)",
 "glib 0.8.2 (registry+https://github.com/rust-lang/crates.io-index)",
 "glib-sys 0.9.0 (registry+https://github.com/rust-lang/crates.io-index)",
 "gobject-sys 0.9.0 (registry+https://github.com/rust-lang/crates.io-index)",
 "libc 0.2.66 (registry+https://github.com/rust-lang/crates.io-index)",
 "pango 0.7.0 (registry+https://github.com/rust-lang/crates.io-index)",
]

[[package]]
name = "gdk-pixbuf"
version = "0.7.0"
source = "registry+https://github.com/rust-lang/crates.io-index"
dependencies = [
 "gdk-pixbuf-sys 0.9.0 (registry+https://github.com/rust-lang/crates.io-index)",
 "gio 0.7.0 (registry+https://github.com/rust-lang/crates.io-index)",
 "gio-sys 0.9.0 (registry+https://github.com/rust-lang/crates.io-index)",
 "glib 0.8.2 (registry+https://github.com/rust-lang/crates.io-index)",
 "glib-sys 0.9.0 (registry+https://github.com/rust-lang/crates.io-index)",
 "gobject-sys 0.9.0 (registry+https://github.com/rust-lang/crates.io-index)",
 "libc 0.2.66 (registry+https://github.com/rust-lang/crates.io-index)",
]

[[package]]
name = "gdk-pixbuf-sys"
version = "0.9.0"
source = "registry+https://github.com/rust-lang/crates.io-index"
dependencies = [
 "gio-sys 0.9.0 (registry+https://github.com/rust-lang/crates.io-index)",
 "glib-sys 0.9.0 (registry+https://github.com/rust-lang/crates.io-index)",
 "gobject-sys 0.9.0 (registry+https://github.com/rust-lang/crates.io-index)",
 "libc 0.2.66 (registry+https://github.com/rust-lang/crates.io-index)",
 "pkg-config 0.3.9 (registry+https://github.com/rust-lang/crates.io-index)",
]

[[package]]
name = "gdk-sys"
version = "0.9.0"
source = "registry+https://github.com/rust-lang/crates.io-index"
dependencies = [
 "cairo-sys-rs 0.9.0 (registry+https://github.com/rust-lang/crates.io-index)",
 "gdk-pixbuf-sys 0.9.0 (registry+https://github.com/rust-lang/crates.io-index)",
 "gio-sys 0.9.0 (registry+https://github.com/rust-lang/crates.io-index)",
 "glib-sys 0.9.0 (registry+https://github.com/rust-lang/crates.io-index)",
 "gobject-sys 0.9.0 (registry+https://github.com/rust-lang/crates.io-index)",
 "libc 0.2.66 (registry+https://github.com/rust-lang/crates.io-index)",
 "pango-sys 0.9.0 (registry+https://github.com/rust-lang/crates.io-index)",
 "pkg-config 0.3.9 (registry+https://github.com/rust-lang/crates.io-index)",
]

[[package]]
name = "gio"
version = "0.7.0"
source = "registry+https://github.com/rust-lang/crates.io-index"
dependencies = [
 "bitflags 1.0.1 (registry+https://github.com/rust-lang/crates.io-index)",
 "fragile 0.3.0 (registry+https://github.com/rust-lang/crates.io-index)",
 "gio-sys 0.9.0 (registry+https://github.com/rust-lang/crates.io-index)",
 "glib 0.8.2 (registry+https://github.com/rust-lang/crates.io-index)",
 "glib-sys 0.9.0 (registry+https://github.com/rust-lang/crates.io-index)",
 "gobject-sys 0.9.0 (registry+https://github.com/rust-lang/crates.io-index)",
 "lazy_static 1.4.0 (registry+https://github.com/rust-lang/crates.io-index)",
 "libc 0.2.66 (registry+https://github.com/rust-lang/crates.io-index)",
]

[[package]]
name = "gio-sys"
version = "0.9.0"
source = "registry+https://github.com/rust-lang/crates.io-index"
dependencies = [
 "glib-sys 0.9.0 (registry+https://github.com/rust-lang/crates.io-index)",
 "gobject-sys 0.9.0 (registry+https://github.com/rust-lang/crates.io-index)",
 "libc 0.2.66 (registry+https://github.com/rust-lang/crates.io-index)",
 "pkg-config 0.3.9 (registry+https://github.com/rust-lang/crates.io-index)",
]

[[package]]
name = "glib"
version = "0.8.2"
source = "registry+https://github.com/rust-lang/crates.io-index"
dependencies = [
 "bitflags 1.0.1 (registry+https://github.com/rust-lang/crates.io-index)",
 "glib-sys 0.9.0 (registry+https://github.com/rust-lang/crates.io-index)",
 "gobject-sys 0.9.0 (registry+https://github.com/rust-lang/crates.io-index)",
 "lazy_static 1.4.0 (registry+https://github.com/rust-lang/crates.io-index)",
 "libc 0.2.66 (registry+https://github.com/rust-lang/crates.io-index)",
]

[[package]]
name = "glib-sys"
version = "0.9.0"
source = "registry+https://github.com/rust-lang/crates.io-index"
dependencies = [
 "libc 0.2.66 (registry+https://github.com/rust-lang/crates.io-index)",
 "pkg-config 0.3.9 (registry+https://github.com/rust-lang/crates.io-index)",
]

[[package]]
name = "gobject-sys"
version = "0.9.0"
source = "registry+https://github.com/rust-lang/crates.io-index"
dependencies = [
 "glib-sys 0.9.0 (registry+https://github.com/rust-lang/crates.io-index)",
 "libc 0.2.66 (registry+https://github.com/rust-lang/crates.io-index)",
 "pkg-config 0.3.9 (registry+https://github.com/rust-lang/crates.io-index)",
]

[[package]]
name = "gtk"
version = "0.7.0"
source = "registry+https://github.com/rust-lang/crates.io-index"
dependencies = [
 "atk 0.7.0 (registry+https://github.com/rust-lang/crates.io-index)",
 "bitflags 1.0.1 (registry+https://github.com/rust-lang/crates.io-index)",
 "cairo-rs 0.7.1 (registry+https://github.com/rust-lang/crates.io-index)",
 "cairo-sys-rs 0.9.0 (registry+https://github.com/rust-lang/crates.io-index)",
 "cc 1.0.25 (registry+https://github.com/rust-lang/crates.io-index)",
 "gdk 0.11.0 (registry+https://github.com/rust-lang/crates.io-index)",
 "gdk-pixbuf 0.7.0 (registry+https://github.com/rust-lang/crates.io-index)",
 "gdk-pixbuf-sys 0.9.0 (registry+https://github.com/rust-lang/crates.io-index)",
 "gdk-sys 0.9.0 (registry+https://github.com/rust-lang/crates.io-index)",
 "gio 0.7.0 (registry+https://github.com/rust-lang/crates.io-index)",
 "gio-sys 0.9.0 (registry+https://github.com/rust-lang/crates.io-index)",
 "glib 0.8.2 (registry+https://github.com/rust-lang/crates.io-index)",
 "glib-sys 0.9.0 (registry+https://github.com/rust-lang/crates.io-index)",
 "gobject-sys 0.9.0 (registry+https://github.com/rust-lang/crates.io-index)",
 "gtk-sys 0.9.0 (registry+https://github.com/rust-lang/crates.io-index)",
 "lazy_static 1.4.0 (registry+https://github.com/rust-lang/crates.io-index)",
 "libc 0.2.66 (registry+https://github.com/rust-lang/crates.io-index)",
 "pango 0.7.0 (registry+https://github.com/rust-lang/crates.io-index)",
 "pango-sys 0.9.0 (registry+https://github.com/rust-lang/crates.io-index)",
]

[[package]]
name = "gtk-sys"
version = "0.9.0"
source = "registry+https://github.com/rust-lang/crates.io-index"
dependencies = [
 "atk-sys 0.9.0 (registry+https://github.com/rust-lang/crates.io-index)",
 "cairo-sys-rs 0.9.0 (registry+https://github.com/rust-lang/crates.io-index)",
 "gdk-pixbuf-sys 0.9.0 (registry+https://github.com/rust-lang/crates.io-index)",
 "gdk-sys 0.9.0 (registry+https://github.com/rust-lang/crates.io-index)",
 "gio-sys 0.9.0 (registry+https://github.com/rust-lang/crates.io-index)",
 "glib-sys 0.9.0 (registry+https://github.com/rust-lang/crates.io-index)",
 "gobject-sys 0.9.0 (registry+https://github.com/rust-lang/crates.io-index)",
 "libc 0.2.66 (registry+https://github.com/rust-lang/crates.io-index)",
 "pango-sys 0.9.0 (registry+https://github.com/rust-lang/crates.io-index)",
 "pkg-config 0.3.9 (registry+https://github.com/rust-lang/crates.io-index)",
]

[[package]]
name = "lazy_static"
version = "1.4.0"
source = "registry+https://github.com/rust-lang/crates.io-index"

[[package]]
name = "libc"
version = "0.2.66"
source = "registry+https://github.com/rust-lang/crates.io-index"

[[package]]
name = "log"
version = "0.4.8"
source = "registry+https://github.com/rust-lang/crates.io-index"
dependencies = [
 "cfg-if 0.1.2 (registry+https://github.com/rust-lang/crates.io-index)",
]

[[package]]
name = "num-traits"
version = "0.1.43"
source = "registry+https://github.com/rust-lang/crates.io-index"
dependencies = [
 "num-traits 0.2.2 (registry+https://github.com/rust-lang/crates.io-index)",
]

[[package]]
name = "num-traits"
version = "0.2.2"
source = "registry+https://github.com/rust-lang/crates.io-index"

[[package]]
name = "pango"
version = "0.7.0"
source = "registry+https://github.com/rust-lang/crates.io-index"
dependencies = [
 "bitflags 1.0.1 (registry+https://github.com/rust-lang/crates.io-index)",
 "glib 0.8.2 (registry+https://github.com/rust-lang/crates.io-index)",
 "glib-sys 0.9.0 (registry+https://github.com/rust-lang/crates.io-index)",
 "gobject-sys 0.9.0 (registry+https://github.com/rust-lang/crates.io-index)",
 "lazy_static 1.4.0 (registry+https://github.com/rust-lang/crates.io-index)",
 "libc 0.2.66 (registry+https://github.com/rust-lang/crates.io-index)",
 "pango-sys 0.9.0 (registry+https://github.com/rust-lang/crates.io-index)",
]

[[package]]
name = "pango-sys"
version = "0.9.0"
source = "registry+https://github.com/rust-lang/crates.io-index"
dependencies = [
 "glib-sys 0.9.0 (registry+https://github.com/rust-lang/crates.io-index)",
 "gobject-sys 0.9.0 (registry+https://github.com/rust-lang/crates.io-index)",
 "libc 0.2.66 (registry+https://github.com/rust-lang/crates.io-index)",
 "pkg-config 0.3.9 (registry+https://github.com/rust-lang/crates.io-index)",
]

[[package]]
name = "pkg-config"
version = "0.3.9"
source = "registry+https://github.com/rust-lang/crates.io-index"

[[package]]
name = "proc-macro2"
version = "0.4.19"
source = "registry+https://github.com/rust-lang/crates.io-index"
dependencies = [
 "unicode-xid 0.1.0 (registry+https://github.com/rust-lang/crates.io-index)",
]

[[package]]
name = "quote"
version = "0.6.8"
source = "registry+https://github.com/rust-lang/crates.io-index"
dependencies = [
 "proc-macro2 0.4.19 (registry+https://github.com/rust-lang/crates.io-index)",
]

[[package]]
name = "relm"
version = "0.18.0"
source = "registry+https://github.com/rust-lang/crates.io-index"
dependencies = [
 "cairo-rs 0.7.1 (registry+https://github.com/rust-lang/crates.io-index)",
 "glib 0.8.2 (registry+https://github.com/rust-lang/crates.io-index)",
 "glib-sys 0.9.0 (registry+https://github.com/rust-lang/crates.io-index)",
 "gobject-sys 0.9.0 (registry+https://github.com/rust-lang/crates.io-index)",
 "gtk 0.7.0 (registry+https://github.com/rust-lang/crates.io-index)",
 "libc 0.2.66 (registry+https://github.com/rust-lang/crates.io-index)",
 "log 0.4.8 (registry+https://github.com/rust-lang/crates.io-index)",
 "quote 0.6.8 (registry+https://github.com/rust-lang/crates.io-index)",
 "syn 0.15.44 (registry+https://github.com/rust-lang/crates.io-index)",
]

[[package]]
name = "relm-derive"
version = "0.18.0"
source = "registry+https://github.com/rust-lang/crates.io-index"
dependencies = [
 "lazy_static 1.4.0 (registry+https://github.com/rust-lang/crates.io-index)",
 "proc-macro2 0.4.19 (registry+https://github.com/rust-lang/crates.io-index)",
 "quote 0.6.8 (registry+https://github.com/rust-lang/crates.io-index)",
 "syn 0.15.44 (registry+https://github.com/rust-lang/crates.io-index)",
]

[[package]]
name = "rmp"
version = "0.8.7"
source = "registry+https://github.com/rust-lang/crates.io-index"
dependencies = [
 "byteorder 1.2.2 (registry+https://github.com/rust-lang/crates.io-index)",
 "num-traits 0.1.43 (registry+https://github.com/rust-lang/crates.io-index)",
]

[[package]]
name = "rmp-serialize"
version = "0.8.0"
source = "registry+https://github.com/rust-lang/crates.io-index"
dependencies = [
 "rmp 0.8.7 (registry+https://github.com/rust-lang/crates.io-index)",
 "rustc-serialize 0.3.24 (registry+https://github.com/rust-lang/crates.io-index)",
]

[[package]]
name = "rustc-serialize"
version = "0.3.24"
source = "registry+https://github.com/rust-lang/crates.io-index"

[[package]]
name = "syn"
version = "0.15.44"
source = "registry+https://github.com/rust-lang/crates.io-index"
dependencies = [
 "proc-macro2 0.4.19 (registry+https://github.com/rust-lang/crates.io-index)",
 "quote 0.6.8 (registry+https://github.com/rust-lang/crates.io-index)",
 "unicode-xid 0.1.0 (registry+https://github.com/rust-lang/crates.io-index)",
]

[[package]]
name = "titanium-common"
version = "0.1.0"
dependencies = [
 "gio 0.7.0 (registry+https://github.com/rust-lang/crates.io-index)",
 "glib 0.8.2 (registry+https://github.com/rust-lang/crates.io-index)",
 "log 0.4.8 (registry+https://github.com/rust-lang/crates.io-index)",
 "relm 0.18.0 (registry+https://github.com/rust-lang/crates.io-index)",
 "relm-derive 0.18.0 (registry+https://github.com/rust-lang/crates.io-index)",
 "rmp-serialize 0.8.0 (registry+https://github.com/rust-lang/crates.io-index)",
 "rustc-serialize 0.3.24 (registry+https://github.com/rust-lang/crates.io-index)",
]

[[package]]
name = "unicode-xid"
version = "0.1.0"
source = "registry+https://github.com/rust-lang/crates.io-index"

[[package]]
name = "winapi"
version = "0.3.4"
source = "registry+https://github.com/rust-lang/crates.io-index"
dependencies = [
 "winapi-i686-pc-windows-gnu 0.4.0 (registry+https://github.com/rust-lang/crates.io-index)",
 "winapi-x86_64-pc-windows-gnu 0.4.0 (registry+https://github.com/rust-lang/crates.io-index)",
]

[[package]]
name = "winapi-i686-pc-windows-gnu"
version = "0.4.0"
source = "registry+https://github.com/rust-lang/crates.io-index"

[[package]]
name = "winapi-x86_64-pc-windows-gnu"
version = "0.4.0"
source = "registry+https://github.com/rust-lang/crates.io-index"

[metadata]
"checksum atk 0.7.0 (registry+https://github.com/rust-lang/crates.io-index)" = "86b7499272acf036bb5820c6e346bbfb5acc5dceb104bc2c4fd7e6e33dfcde6a"
"checksum atk-sys 0.9.0 (registry+https://github.com/rust-lang/crates.io-index)" = "5067531f752c01027f004032bb676e715aba74b75e904a7340a61ce3fb0b61b0"
"checksum bitflags 1.0.1 (registry+https://github.com/rust-lang/crates.io-index)" = "b3c30d3802dfb7281680d6285f2ccdaa8c2d8fee41f93805dba5c4cf50dc23cf"
"checksum byteorder 1.2.2 (registry+https://github.com/rust-lang/crates.io-index)" = "73b5bdfe7ee3ad0b99c9801d58807a9dbc9e09196365b0203853b99889ab3c87"
"checksum cairo-rs 0.7.1 (registry+https://github.com/rust-lang/crates.io-index)" = "e05db47de3b0f09a222fa4bba2eab957d920d4243962a86b2d77ab401e4a359c"
"checksum cairo-sys-rs 0.9.0 (registry+https://github.com/rust-lang/crates.io-index)" = "90a1ec04603a78c111886a385edcec396dbfbc57ea26b9e74aeea6a1fe55dcca"
"checksum cc 1.0.25 (registry+https://github.com/rust-lang/crates.io-index)" = "f159dfd43363c4d08055a07703eb7a3406b0dac4d0584d96965a3262db3c9d16"
"checksum cfg-if 0.1.2 (registry+https://github.com/rust-lang/crates.io-index)" = "d4c819a1287eb618df47cc647173c5c4c66ba19d888a6e50d605672aed3140de"
"checksum fragile 0.3.0 (registry+https://github.com/rust-lang/crates.io-index)" = "05f8140122fa0d5dcb9fc8627cfce2b37cc1500f752636d46ea28bc26785c2f9"
"checksum gdk 0.11.0 (registry+https://github.com/rust-lang/crates.io-index)" = "6243e995f41f3a61a31847e54cc719edce93dd9140c89dca3b9919be1cfe22d5"
"checksum gdk-pixbuf 0.7.0 (registry+https://github.com/rust-lang/crates.io-index)" = "9726408ee1bbada83094326a99b9c68fea275f9dbb515de242a69e72051f4fcc"
"checksum gdk-pixbuf-sys 0.9.0 (registry+https://github.com/rust-lang/crates.io-index)" = "b1d6778abf5764b9080a9345a16c5d16289426a3b3edd808a29a9061d431c465"
"checksum gdk-sys 0.9.0 (registry+https://github.com/rust-lang/crates.io-index)" = "3ebe06357212127f50575b535bdb04638f5d375bb41062287abc6c94e5b8067b"
"checksum gio 0.7.0 (registry+https://github.com/rust-lang/crates.io-index)" = "6261b5d34c30c2d59f879e643704cf54cb44731f3a2038000b68790c03e360e3"
"checksum gio-sys 0.9.0 (registry+https://github.com/rust-lang/crates.io-index)" = "778b856a70a32e2cc5dd5cc7fa1b0c4b6df924fdf5c82984bc28f30565657cfe"
"checksum glib 0.8.2 (registry+https://github.com/rust-lang/crates.io-index)" = "be27232841baa43e0fd5ae003f7941925735b2f733a336dc75f07b9eff415e7b"
"checksum glib-sys 0.9.0 (registry+https://github.com/rust-lang/crates.io-index)" = "4b86a9169fbc9cf9a0ef315039c2304b09d5c575c5fde7defba3576a0311b863"
"checksum gobject-sys 0.9.0 (registry+https://github.com/rust-lang/crates.io-index)" = "61d55bc9202447ca776f6ad0048c36e3312010f66f82ab478e97513e93f3604b"
"checksum gtk 0.7.0 (registry+https://github.com/rust-lang/crates.io-index)" = "709f1074259d4685b96133f92b75c7f35b504715b0fcdc96ec95de2607296a60"
"checksum gtk-sys 0.9.0 (registry+https://github.com/rust-lang/crates.io-index)" = "bbd9395497ae1d1915d1d6e522d51ae8745bf613906c34ac191c411250fc4025"
"checksum lazy_static 1.4.0 (registry+https://github.com/rust-lang/crates.io-index)" = "e2abad23fbc42b3700f2f279844dc832adb2b2eb069b2df918f455c4e18cc646"
"checksum libc 0.2.66 (registry+https://github.com/rust-lang/crates.io-index)" = "d515b1f41455adea1313a4a2ac8a8a477634fbae63cc6100e3aebb207ce61558"
"checksum log 0.4.8 (registry+https://github.com/rust-lang/crates.io-index)" = "14b6052be84e6b71ab17edffc2eeabf5c2c3ae1fdb464aae35ac50c67a44e1f7"
"checksum num-traits 0.1.43 (registry+https://github.com/rust-lang/crates.io-index)" = "92e5113e9fd4cc14ded8e499429f396a20f98c772a47cc8622a736e1ec843c31"
"checksum num-traits 0.2.2 (registry+https://github.com/rust-lang/crates.io-index)" = "dee092fcdf725aee04dd7da1d21debff559237d49ef1cb3e69bcb8ece44c7364"
"checksum pango 0.7.0 (registry+https://github.com/rust-lang/crates.io-index)" = "393fa071b144f8ffb83ede273758983cf414ca3c0b1d2a5a9ce325b3ba3dd786"
"checksum pango-sys 0.9.0 (registry+https://github.com/rust-lang/crates.io-index)" = "1ee97abcad820f9875e032656257ad1c790e7b11a0e6ce2516a8f5b0d8f8213f"
"checksum pkg-config 0.3.9 (registry+https://github.com/rust-lang/crates.io-index)" = "3a8b4c6b8165cd1a1cd4b9b120978131389f64bdaf456435caa41e630edba903"
"checksum proc-macro2 0.4.19 (registry+https://github.com/rust-lang/crates.io-index)" = "ffe022fb8c8bd254524b0b3305906c1921fa37a84a644e29079a9e62200c3901"
"checksum quote 0.6.8 (registry+https://github.com/rust-lang/crates.io-index)" = "dd636425967c33af890042c483632d33fa7a18f19ad1d7ea72e8998c6ef8dea5"
"checksum relm 0.18.0 (registry+https://github.com/rust-lang/crates.io-index)" = "d4127341a75eb96dc99ba39b87a2783bb011b20fbdbafc25ed2f58216d2ff714"
"checksum relm-derive 0.18.0 (registry+https://github.com/rust-lang/crates.io-index)" = "ec66397054dc1ea6c658159866b9978add6a90655aba5dd4a90c34d2e63f9d69"
"checksum rmp 0.8.7 (registry+https://github.com/rust-lang/crates.io-index)" = "a3d45d7afc9b132b34a2479648863aa95c5c88e98b32285326a6ebadc80ec5c9"
"checksum rmp-serialize 0.8.0 (registry+https://github.com/rust-lang/crates.io-index)" = "54d9fa965323a18d5d81fa6cafa10cb5c0e4ba60e88acecf958f2ac427181cba"
"checksum rustc-serialize 0.3.24 (registry+https://github.com/rust-lang/crates.io-index)" = "dcf128d1287d2ea9d80910b5f1120d0b8eede3fbf1abe91c40d39ea7d51e6fda"
"checksum syn 0.15.44 (registry+https://github.com/rust-lang/crates.io-index)" = "9ca4b3b69a77cbe1ffc9e198781b7acb0c7365a883670e8f1c1bc66fba79a5c5"
"checksum unicode-xid 0.1.0 (registry+https://github.com/rust-lang/crates.io-index)" = "fc72304796d0818e357ead4e000d19c9c174ab23dc11093ac919054d20a6a7fc"
"checksum winapi 0.3.4 (registry+https://github.com/rust-lang/crates.io-index)" = "04e3bd221fcbe8a271359c04f21a76db7d0c6028862d1bb5512d85e1e2eb5bb3"
"checksum winapi-i686-pc-windows-gnu 0.4.0 (registry+https://github.com/rust-lang/crates.io-index)" = "ac3b87c63620426dd9b991e5ce0329eff545bccbbb34f3be09ff6fb6ab51b7b6"
"checksum winapi-x86_64-pc-windows-gnu 0.4.0 (registry+https://github.com/rust-lang/crates.io-index)" = "712e227841d057c1ee1cd2fb22fa7e5a5461ae8e48fa2ca79ec42cfc1931183f"
