[[package]]
name = "atk-sys"
version = "0.6.0"
source = "registry+https://github.com/rust-lang/crates.io-index"
dependencies = [
 "bitflags 1.0.1 (registry+https://github.com/rust-lang/crates.io-index)",
 "glib-sys 0.6.0 (registry+https://github.com/rust-lang/crates.io-index)",
 "gobject-sys 0.6.0 (registry+https://github.com/rust-lang/crates.io-index)",
 "libc 0.2.40 (registry+https://github.com/rust-lang/crates.io-index)",
 "pkg-config 0.3.9 (registry+https://github.com/rust-lang/crates.io-index)",
]

[[package]]
name = "bitflags"
version = "1.0.1"
source = "registry+https://github.com/rust-lang/crates.io-index"

[[package]]
name = "byteorder"
version = "1.2.2"
source = "registry+https://github.com/rust-lang/crates.io-index"

[[package]]
name = "c_vec"
version = "1.3.0"
source = "registry+https://github.com/rust-lang/crates.io-index"

[[package]]
name = "cairo-rs"
version = "0.4.1"
source = "registry+https://github.com/rust-lang/crates.io-index"
dependencies = [
 "c_vec 1.3.0 (registry+https://github.com/rust-lang/crates.io-index)",
 "cairo-sys-rs 0.6.0 (registry+https://github.com/rust-lang/crates.io-index)",
 "glib 0.5.0 (registry+https://github.com/rust-lang/crates.io-index)",
 "glib-sys 0.6.0 (registry+https://github.com/rust-lang/crates.io-index)",
 "libc 0.2.40 (registry+https://github.com/rust-lang/crates.io-index)",
]

[[package]]
name = "cairo-sys-rs"
version = "0.6.0"
source = "registry+https://github.com/rust-lang/crates.io-index"
dependencies = [
 "libc 0.2.40 (registry+https://github.com/rust-lang/crates.io-index)",
 "pkg-config 0.3.9 (registry+https://github.com/rust-lang/crates.io-index)",
 "winapi 0.3.4 (registry+https://github.com/rust-lang/crates.io-index)",
]

[[package]]
name = "cfg-if"
version = "0.1.2"
source = "registry+https://github.com/rust-lang/crates.io-index"

[[package]]
name = "gdk"
version = "0.8.0"
source = "registry+https://github.com/rust-lang/crates.io-index"
dependencies = [
 "bitflags 1.0.1 (registry+https://github.com/rust-lang/crates.io-index)",
 "cairo-rs 0.4.1 (registry+https://github.com/rust-lang/crates.io-index)",
 "cairo-sys-rs 0.6.0 (registry+https://github.com/rust-lang/crates.io-index)",
 "gdk-pixbuf 0.4.0 (registry+https://github.com/rust-lang/crates.io-index)",
 "gdk-sys 0.6.0 (registry+https://github.com/rust-lang/crates.io-index)",
 "gio 0.4.0 (registry+https://github.com/rust-lang/crates.io-index)",
 "glib 0.5.0 (registry+https://github.com/rust-lang/crates.io-index)",
 "glib-sys 0.6.0 (registry+https://github.com/rust-lang/crates.io-index)",
 "gobject-sys 0.6.0 (registry+https://github.com/rust-lang/crates.io-index)",
 "libc 0.2.40 (registry+https://github.com/rust-lang/crates.io-index)",
 "pango 0.4.0 (registry+https://github.com/rust-lang/crates.io-index)",
]

[[package]]
name = "gdk-pixbuf"
version = "0.4.0"
source = "registry+https://github.com/rust-lang/crates.io-index"
dependencies = [
 "gdk-pixbuf-sys 0.6.0 (registry+https://github.com/rust-lang/crates.io-index)",
 "gio 0.4.0 (registry+https://github.com/rust-lang/crates.io-index)",
 "gio-sys 0.6.0 (registry+https://github.com/rust-lang/crates.io-index)",
 "glib 0.5.0 (registry+https://github.com/rust-lang/crates.io-index)",
 "glib-sys 0.6.0 (registry+https://github.com/rust-lang/crates.io-index)",
 "gobject-sys 0.6.0 (registry+https://github.com/rust-lang/crates.io-index)",
 "libc 0.2.40 (registry+https://github.com/rust-lang/crates.io-index)",
]

[[package]]
name = "gdk-pixbuf-sys"
version = "0.6.0"
source = "registry+https://github.com/rust-lang/crates.io-index"
dependencies = [
 "bitflags 1.0.1 (registry+https://github.com/rust-lang/crates.io-index)",
 "gio-sys 0.6.0 (registry+https://github.com/rust-lang/crates.io-index)",
 "glib-sys 0.6.0 (registry+https://github.com/rust-lang/crates.io-index)",
 "gobject-sys 0.6.0 (registry+https://github.com/rust-lang/crates.io-index)",
 "libc 0.2.40 (registry+https://github.com/rust-lang/crates.io-index)",
 "pkg-config 0.3.9 (registry+https://github.com/rust-lang/crates.io-index)",
]

[[package]]
name = "gdk-sys"
version = "0.6.0"
source = "registry+https://github.com/rust-lang/crates.io-index"
dependencies = [
 "bitflags 1.0.1 (registry+https://github.com/rust-lang/crates.io-index)",
 "cairo-sys-rs 0.6.0 (registry+https://github.com/rust-lang/crates.io-index)",
 "gdk-pixbuf-sys 0.6.0 (registry+https://github.com/rust-lang/crates.io-index)",
 "gio-sys 0.6.0 (registry+https://github.com/rust-lang/crates.io-index)",
 "glib-sys 0.6.0 (registry+https://github.com/rust-lang/crates.io-index)",
 "gobject-sys 0.6.0 (registry+https://github.com/rust-lang/crates.io-index)",
 "libc 0.2.40 (registry+https://github.com/rust-lang/crates.io-index)",
 "pango-sys 0.6.0 (registry+https://github.com/rust-lang/crates.io-index)",
 "pkg-config 0.3.9 (registry+https://github.com/rust-lang/crates.io-index)",
]

[[package]]
name = "gio"
version = "0.4.0"
source = "registry+https://github.com/rust-lang/crates.io-index"
dependencies = [
 "bitflags 1.0.1 (registry+https://github.com/rust-lang/crates.io-index)",
 "gio-sys 0.6.0 (registry+https://github.com/rust-lang/crates.io-index)",
 "glib 0.5.0 (registry+https://github.com/rust-lang/crates.io-index)",
 "glib-sys 0.6.0 (registry+https://github.com/rust-lang/crates.io-index)",
 "gobject-sys 0.6.0 (registry+https://github.com/rust-lang/crates.io-index)",
 "lazy_static 1.0.0 (registry+https://github.com/rust-lang/crates.io-index)",
 "libc 0.2.40 (registry+https://github.com/rust-lang/crates.io-index)",
]

[[package]]
name = "gio-sys"
version = "0.6.0"
source = "registry+https://github.com/rust-lang/crates.io-index"
dependencies = [
 "bitflags 1.0.1 (registry+https://github.com/rust-lang/crates.io-index)",
 "glib-sys 0.6.0 (registry+https://github.com/rust-lang/crates.io-index)",
 "gobject-sys 0.6.0 (registry+https://github.com/rust-lang/crates.io-index)",
 "libc 0.2.40 (registry+https://github.com/rust-lang/crates.io-index)",
 "pkg-config 0.3.9 (registry+https://github.com/rust-lang/crates.io-index)",
]

[[package]]
name = "glib"
version = "0.5.0"
source = "registry+https://github.com/rust-lang/crates.io-index"
dependencies = [
 "bitflags 1.0.1 (registry+https://github.com/rust-lang/crates.io-index)",
 "glib-sys 0.6.0 (registry+https://github.com/rust-lang/crates.io-index)",
 "gobject-sys 0.6.0 (registry+https://github.com/rust-lang/crates.io-index)",
 "lazy_static 1.0.0 (registry+https://github.com/rust-lang/crates.io-index)",
 "libc 0.2.40 (registry+https://github.com/rust-lang/crates.io-index)",
]

[[package]]
name = "glib-sys"
version = "0.6.0"
source = "registry+https://github.com/rust-lang/crates.io-index"
dependencies = [
 "bitflags 1.0.1 (registry+https://github.com/rust-lang/crates.io-index)",
 "libc 0.2.40 (registry+https://github.com/rust-lang/crates.io-index)",
 "pkg-config 0.3.9 (registry+https://github.com/rust-lang/crates.io-index)",
]

[[package]]
name = "gobject-sys"
version = "0.6.0"
source = "registry+https://github.com/rust-lang/crates.io-index"
dependencies = [
 "bitflags 1.0.1 (registry+https://github.com/rust-lang/crates.io-index)",
 "glib-sys 0.6.0 (registry+https://github.com/rust-lang/crates.io-index)",
 "libc 0.2.40 (registry+https://github.com/rust-lang/crates.io-index)",
 "pkg-config 0.3.9 (registry+https://github.com/rust-lang/crates.io-index)",
]

[[package]]
name = "gtk"
version = "0.4.0"
source = "registry+https://github.com/rust-lang/crates.io-index"
dependencies = [
 "bitflags 1.0.1 (registry+https://github.com/rust-lang/crates.io-index)",
 "cairo-rs 0.4.1 (registry+https://github.com/rust-lang/crates.io-index)",
 "cairo-sys-rs 0.6.0 (registry+https://github.com/rust-lang/crates.io-index)",
 "gdk 0.8.0 (registry+https://github.com/rust-lang/crates.io-index)",
 "gdk-pixbuf 0.4.0 (registry+https://github.com/rust-lang/crates.io-index)",
 "gdk-pixbuf-sys 0.6.0 (registry+https://github.com/rust-lang/crates.io-index)",
 "gdk-sys 0.6.0 (registry+https://github.com/rust-lang/crates.io-index)",
 "gio 0.4.0 (registry+https://github.com/rust-lang/crates.io-index)",
 "gio-sys 0.6.0 (registry+https://github.com/rust-lang/crates.io-index)",
 "glib 0.5.0 (registry+https://github.com/rust-lang/crates.io-index)",
 "glib-sys 0.6.0 (registry+https://github.com/rust-lang/crates.io-index)",
 "gobject-sys 0.6.0 (registry+https://github.com/rust-lang/crates.io-index)",
 "gtk-sys 0.6.0 (registry+https://github.com/rust-lang/crates.io-index)",
 "lazy_static 1.0.0 (registry+https://github.com/rust-lang/crates.io-index)",
 "libc 0.2.40 (registry+https://github.com/rust-lang/crates.io-index)",
 "pango 0.4.0 (registry+https://github.com/rust-lang/crates.io-index)",
]

[[package]]
name = "gtk-sys"
version = "0.6.0"
source = "registry+https://github.com/rust-lang/crates.io-index"
dependencies = [
 "atk-sys 0.6.0 (registry+https://github.com/rust-lang/crates.io-index)",
 "bitflags 1.0.1 (registry+https://github.com/rust-lang/crates.io-index)",
 "cairo-sys-rs 0.6.0 (registry+https://github.com/rust-lang/crates.io-index)",
 "gdk-pixbuf-sys 0.6.0 (registry+https://github.com/rust-lang/crates.io-index)",
 "gdk-sys 0.6.0 (registry+https://github.com/rust-lang/crates.io-index)",
 "gio-sys 0.6.0 (registry+https://github.com/rust-lang/crates.io-index)",
 "glib-sys 0.6.0 (registry+https://github.com/rust-lang/crates.io-index)",
 "gobject-sys 0.6.0 (registry+https://github.com/rust-lang/crates.io-index)",
 "libc 0.2.40 (registry+https://github.com/rust-lang/crates.io-index)",
 "pango-sys 0.6.0 (registry+https://github.com/rust-lang/crates.io-index)",
 "pkg-config 0.3.9 (registry+https://github.com/rust-lang/crates.io-index)",
]

[[package]]
name = "lazy_static"
version = "1.0.0"
source = "registry+https://github.com/rust-lang/crates.io-index"

[[package]]
name = "libc"
version = "0.2.40"
source = "registry+https://github.com/rust-lang/crates.io-index"

[[package]]
name = "log"
version = "0.4.1"
source = "registry+https://github.com/rust-lang/crates.io-index"
dependencies = [
 "cfg-if 0.1.2 (registry+https://github.com/rust-lang/crates.io-index)",
]

[[package]]
name = "num-traits"
version = "0.1.43"
source = "registry+https://github.com/rust-lang/crates.io-index"
dependencies = [
 "num-traits 0.2.2 (registry+https://github.com/rust-lang/crates.io-index)",
]

[[package]]
name = "num-traits"
version = "0.2.2"
source = "registry+https://github.com/rust-lang/crates.io-index"

[[package]]
name = "pango"
version = "0.4.0"
source = "registry+https://github.com/rust-lang/crates.io-index"
dependencies = [
 "bitflags 1.0.1 (registry+https://github.com/rust-lang/crates.io-index)",
 "glib 0.5.0 (registry+https://github.com/rust-lang/crates.io-index)",
 "glib-sys 0.6.0 (registry+https://github.com/rust-lang/crates.io-index)",
 "gobject-sys 0.6.0 (registry+https://github.com/rust-lang/crates.io-index)",
 "libc 0.2.40 (registry+https://github.com/rust-lang/crates.io-index)",
 "pango-sys 0.6.0 (registry+https://github.com/rust-lang/crates.io-index)",
]

[[package]]
name = "pango-sys"
version = "0.6.0"
source = "registry+https://github.com/rust-lang/crates.io-index"
dependencies = [
 "bitflags 1.0.1 (registry+https://github.com/rust-lang/crates.io-index)",
 "glib-sys 0.6.0 (registry+https://github.com/rust-lang/crates.io-index)",
 "gobject-sys 0.6.0 (registry+https://github.com/rust-lang/crates.io-index)",
 "libc 0.2.40 (registry+https://github.com/rust-lang/crates.io-index)",
 "pkg-config 0.3.9 (registry+https://github.com/rust-lang/crates.io-index)",
]

[[package]]
name = "pkg-config"
version = "0.3.9"
source = "registry+https://github.com/rust-lang/crates.io-index"

[[package]]
name = "proc-macro2"
version = "0.2.3"
source = "registry+https://github.com/rust-lang/crates.io-index"
dependencies = [
 "unicode-xid 0.1.0 (registry+https://github.com/rust-lang/crates.io-index)",
]

[[package]]
name = "quote"
version = "0.4.2"
source = "registry+https://github.com/rust-lang/crates.io-index"
dependencies = [
 "proc-macro2 0.2.3 (registry+https://github.com/rust-lang/crates.io-index)",
]

[[package]]
name = "relm-core"
version = "0.14.0"
source = "registry+https://github.com/rust-lang/crates.io-index"
dependencies = [
 "glib 0.5.0 (registry+https://github.com/rust-lang/crates.io-index)",
 "glib-sys 0.6.0 (registry+https://github.com/rust-lang/crates.io-index)",
 "gtk 0.4.0 (registry+https://github.com/rust-lang/crates.io-index)",
 "libc 0.2.40 (registry+https://github.com/rust-lang/crates.io-index)",
]

[[package]]
name = "relm-derive-common"
version = "0.14.0"
source = "registry+https://github.com/rust-lang/crates.io-index"
dependencies = [
 "quote 0.4.2 (registry+https://github.com/rust-lang/crates.io-index)",
 "relm-gen-widget 0.14.0 (registry+https://github.com/rust-lang/crates.io-index)",
 "syn 0.12.15 (registry+https://github.com/rust-lang/crates.io-index)",
]

[[package]]
name = "relm-derive-state"
version = "0.14.0"
source = "registry+https://github.com/rust-lang/crates.io-index"
dependencies = [
 "relm-derive-common 0.14.0 (registry+https://github.com/rust-lang/crates.io-index)",
 "syn 0.12.15 (registry+https://github.com/rust-lang/crates.io-index)",
]

[[package]]
name = "relm-gen-widget"
version = "0.14.0"
source = "registry+https://github.com/rust-lang/crates.io-index"
dependencies = [
 "lazy_static 1.0.0 (registry+https://github.com/rust-lang/crates.io-index)",
 "proc-macro2 0.2.3 (registry+https://github.com/rust-lang/crates.io-index)",
 "quote 0.4.2 (registry+https://github.com/rust-lang/crates.io-index)",
 "syn 0.12.15 (registry+https://github.com/rust-lang/crates.io-index)",
]

[[package]]
name = "relm-state"
version = "0.14.0"
source = "registry+https://github.com/rust-lang/crates.io-index"
dependencies = [
 "log 0.4.1 (registry+https://github.com/rust-lang/crates.io-index)",
 "relm-core 0.14.0 (registry+https://github.com/rust-lang/crates.io-index)",
]

[[package]]
name = "rmp"
version = "0.8.7"
source = "registry+https://github.com/rust-lang/crates.io-index"
dependencies = [
 "byteorder 1.2.2 (registry+https://github.com/rust-lang/crates.io-index)",
 "num-traits 0.1.43 (registry+https://github.com/rust-lang/crates.io-index)",
]

[[package]]
name = "rmp-serialize"
version = "0.8.0"
source = "registry+https://github.com/rust-lang/crates.io-index"
dependencies = [
 "rmp 0.8.7 (registry+https://github.com/rust-lang/crates.io-index)",
 "rustc-serialize 0.3.24 (registry+https://github.com/rust-lang/crates.io-index)",
]

[[package]]
name = "rustc-serialize"
version = "0.3.24"
source = "registry+https://github.com/rust-lang/crates.io-index"

[[package]]
name = "syn"
version = "0.12.15"
source = "registry+https://github.com/rust-lang/crates.io-index"
dependencies = [
 "proc-macro2 0.2.3 (registry+https://github.com/rust-lang/crates.io-index)",
 "quote 0.4.2 (registry+https://github.com/rust-lang/crates.io-index)",
 "unicode-xid 0.1.0 (registry+https://github.com/rust-lang/crates.io-index)",
]

[[package]]
name = "titanium-common"
version = "0.1.0"
dependencies = [
 "gio 0.4.0 (registry+https://github.com/rust-lang/crates.io-index)",
 "gio-sys 0.6.0 (registry+https://github.com/rust-lang/crates.io-index)",
 "glib 0.5.0 (registry+https://github.com/rust-lang/crates.io-index)",
 "glib-sys 0.6.0 (registry+https://github.com/rust-lang/crates.io-index)",
 "gobject-sys 0.6.0 (registry+https://github.com/rust-lang/crates.io-index)",
 "log 0.4.1 (registry+https://github.com/rust-lang/crates.io-index)",
 "relm-derive-state 0.14.0 (registry+https://github.com/rust-lang/crates.io-index)",
 "relm-state 0.14.0 (registry+https://github.com/rust-lang/crates.io-index)",
 "rmp-serialize 0.8.0 (registry+https://github.com/rust-lang/crates.io-index)",
 "rustc-serialize 0.3.24 (registry+https://github.com/rust-lang/crates.io-index)",
]

[[package]]
name = "unicode-xid"
version = "0.1.0"
source = "registry+https://github.com/rust-lang/crates.io-index"

[[package]]
name = "winapi"
version = "0.3.4"
source = "registry+https://github.com/rust-lang/crates.io-index"
dependencies = [
 "winapi-i686-pc-windows-gnu 0.4.0 (registry+https://github.com/rust-lang/crates.io-index)",
 "winapi-x86_64-pc-windows-gnu 0.4.0 (registry+https://github.com/rust-lang/crates.io-index)",
]

[[package]]
name = "winapi-i686-pc-windows-gnu"
version = "0.4.0"
source = "registry+https://github.com/rust-lang/crates.io-index"

[[package]]
name = "winapi-x86_64-pc-windows-gnu"
version = "0.4.0"
source = "registry+https://github.com/rust-lang/crates.io-index"

[metadata]
"checksum atk-sys 0.6.0 (registry+https://github.com/rust-lang/crates.io-index)" = "f8dc233521f7bffd3042c31082ea71bd08820abf44bac938fb36591e20f76f39"
"checksum bitflags 1.0.1 (registry+https://github.com/rust-lang/crates.io-index)" = "b3c30d3802dfb7281680d6285f2ccdaa8c2d8fee41f93805dba5c4cf50dc23cf"
"checksum byteorder 1.2.2 (registry+https://github.com/rust-lang/crates.io-index)" = "73b5bdfe7ee3ad0b99c9801d58807a9dbc9e09196365b0203853b99889ab3c87"
"checksum c_vec 1.3.0 (registry+https://github.com/rust-lang/crates.io-index)" = "11f56b93adbca81a4ed1bb654070013b496a9b0b259a296281f4be24af84debd"
"checksum cairo-rs 0.4.1 (registry+https://github.com/rust-lang/crates.io-index)" = "a110f269c2fd382df5fe8bd46dfa5f1b83608aa717fecb6e7a28c08c202f0e13"
"checksum cairo-sys-rs 0.6.0 (registry+https://github.com/rust-lang/crates.io-index)" = "0395175ecba60accac076a02c31d143b9dcd9d5eb5316d7163a3273803b765c7"
"checksum cfg-if 0.1.2 (registry+https://github.com/rust-lang/crates.io-index)" = "d4c819a1287eb618df47cc647173c5c4c66ba19d888a6e50d605672aed3140de"
"checksum gdk 0.8.0 (registry+https://github.com/rust-lang/crates.io-index)" = "dd30051ff3d908ff2fc7e5776ffe1c699821e043809f294c3a61004f11d6c3a9"
"checksum gdk-pixbuf 0.4.0 (registry+https://github.com/rust-lang/crates.io-index)" = "c2d2199eba47ebcb9977ce28179649bdd59305ef465c4e6f9b65aaa41c24e6b5"
"checksum gdk-pixbuf-sys 0.6.0 (registry+https://github.com/rust-lang/crates.io-index)" = "df6a3b73e04fafc07f5ebc083f1096a773412e627828e1103a55e921f81187d8"
"checksum gdk-sys 0.6.0 (registry+https://github.com/rust-lang/crates.io-index)" = "3162ff940526ddff71bf1f630facee6b5e05d282d125ba0c4c803842819b80c3"
"checksum gio 0.4.0 (registry+https://github.com/rust-lang/crates.io-index)" = "071fd4e5592b39fdc31318e32d2497842501f539bcedb60c75cd365946642adc"
"checksum gio-sys 0.6.0 (registry+https://github.com/rust-lang/crates.io-index)" = "2a57872499171d279f8577ce83837da4cae62b08dd32892236ed67ab7ea61030"
"checksum glib 0.5.0 (registry+https://github.com/rust-lang/crates.io-index)" = "5e0be1b1432e227bcd1a9b28db9dc1474a7e7fd4227e08e16f35304f32d09b61"
"checksum glib-sys 0.6.0 (registry+https://github.com/rust-lang/crates.io-index)" = "615bef979b5838526aee99241afc80cfb2e34a8735d4bcb8ec6072598c18a408"
"checksum gobject-sys 0.6.0 (registry+https://github.com/rust-lang/crates.io-index)" = "70409d6405db8b1591602fcd0cbe8af52cd9976dd39194442b4c149ba343f86d"
"checksum gtk 0.4.0 (registry+https://github.com/rust-lang/crates.io-index)" = "414f3522f550a0b4f65e089f00ffcd3987dab8b0be284cb979aa7f6a03d60516"
"checksum gtk-sys 0.6.0 (registry+https://github.com/rust-lang/crates.io-index)" = "3d9554cf5b3a85a13fb39258c65b04b262989c1d7a758f8f555b77a478621a91"
"checksum lazy_static 1.0.0 (registry+https://github.com/rust-lang/crates.io-index)" = "c8f31047daa365f19be14b47c29df4f7c3b581832407daabe6ae77397619237d"
"checksum libc 0.2.40 (registry+https://github.com/rust-lang/crates.io-index)" = "6fd41f331ac7c5b8ac259b8bf82c75c0fb2e469bbf37d2becbba9a6a2221965b"
"checksum log 0.4.1 (registry+https://github.com/rust-lang/crates.io-index)" = "89f010e843f2b1a31dbd316b3b8d443758bc634bed37aabade59c686d644e0a2"
"checksum num-traits 0.1.43 (registry+https://github.com/rust-lang/crates.io-index)" = "92e5113e9fd4cc14ded8e499429f396a20f98c772a47cc8622a736e1ec843c31"
"checksum num-traits 0.2.2 (registry+https://github.com/rust-lang/crates.io-index)" = "dee092fcdf725aee04dd7da1d21debff559237d49ef1cb3e69bcb8ece44c7364"
"checksum pango 0.4.0 (registry+https://github.com/rust-lang/crates.io-index)" = "45374801e224373c3c0393cd48073c81093494c8735721e81d1dbaa4096b2767"
"checksum pango-sys 0.6.0 (registry+https://github.com/rust-lang/crates.io-index)" = "94039b3921a4af4058a3e4335e5d15099101f298a92f5afc40bab3a3027594a1"
"checksum pkg-config 0.3.9 (registry+https://github.com/rust-lang/crates.io-index)" = "3a8b4c6b8165cd1a1cd4b9b120978131389f64bdaf456435caa41e630edba903"
"checksum proc-macro2 0.2.3 (registry+https://github.com/rust-lang/crates.io-index)" = "cd07deb3c6d1d9ff827999c7f9b04cdfd66b1b17ae508e14fe47b620f2282ae0"
"checksum quote 0.4.2 (registry+https://github.com/rust-lang/crates.io-index)" = "1eca14c727ad12702eb4b6bfb5a232287dcf8385cb8ca83a3eeaf6519c44c408"
"checksum relm-core 0.14.0 (registry+https://github.com/rust-lang/crates.io-index)" = "3b7a0daeca7c05bad7b5fbe732d82c85e77c3033fc0324799718860f633f65d5"
"checksum relm-derive-common 0.14.0 (registry+https://github.com/rust-lang/crates.io-index)" = "07387ede3f98f9a91f4fe77c67dbc037609cd85fed0273ce8b9a8f3ed994b1d1"
"checksum relm-derive-state 0.14.0 (registry+https://github.com/rust-lang/crates.io-index)" = "026aa67aed4065425717e7cb1a851531e35181931e52e403834c4cf7287aec50"
"checksum relm-gen-widget 0.14.0 (registry+https://github.com/rust-lang/crates.io-index)" = "a5dcdf114edd82cee740a8fa2b3af6639a2073f3424f55767fa71b892773c8c1"
"checksum relm-state 0.14.0 (registry+https://github.com/rust-lang/crates.io-index)" = "e286a0fe5dab24c07c771a149a4a2a1a043e369fb587e461fef7cc306bd9a7a0"
"checksum rmp 0.8.7 (registry+https://github.com/rust-lang/crates.io-index)" = "a3d45d7afc9b132b34a2479648863aa95c5c88e98b32285326a6ebadc80ec5c9"
"checksum rmp-serialize 0.8.0 (registry+https://github.com/rust-lang/crates.io-index)" = "54d9fa965323a18d5d81fa6cafa10cb5c0e4ba60e88acecf958f2ac427181cba"
"checksum rustc-serialize 0.3.24 (registry+https://github.com/rust-lang/crates.io-index)" = "dcf128d1287d2ea9d80910b5f1120d0b8eede3fbf1abe91c40d39ea7d51e6fda"
"checksum syn 0.12.15 (registry+https://github.com/rust-lang/crates.io-index)" = "c97c05b8ebc34ddd6b967994d5c6e9852fa92f8b82b3858c39451f97346dcce5"
"checksum unicode-xid 0.1.0 (registry+https://github.com/rust-lang/crates.io-index)" = "fc72304796d0818e357ead4e000d19c9c174ab23dc11093ac919054d20a6a7fc"
"checksum winapi 0.3.4 (registry+https://github.com/rust-lang/crates.io-index)" = "04e3bd221fcbe8a271359c04f21a76db7d0c6028862d1bb5512d85e1e2eb5bb3"
"checksum winapi-i686-pc-windows-gnu 0.4.0 (registry+https://github.com/rust-lang/crates.io-index)" = "ac3b87c63620426dd9b991e5ce0329eff545bccbbb34f3be09ff6fb6ab51b7b6"
"checksum winapi-x86_64-pc-windows-gnu 0.4.0 (registry+https://github.com/rust-lang/crates.io-index)" = "712e227841d057c1ee1cd2fb22fa7e5a5461ae8e48fa2ca79ec42cfc1931183f"
